<?xml version="1.0" encoding="UTF-8"?>
<Solution>
	<Configurations>
		<BuildType Name="Debug"/>
		<BuildType Name="Release"/>
		<BuildType Name="MinSizeRel"/>
		<BuildType Name="RelWithDebInfo"/>
		<Platform Name="x64"/>
	</Configurations>
	<Project Path="ALL_BUILD.vcxproj" Type="8bc9ceb8-8b4a-11d0-8d11-00a0c91bc942" Id="7e351445-d372-383f-a8e3-a266c9241242" DefaultStartup="true">
		<BuildDependency Project="ZERO_CHECK.vcxproj"/>
		<BuildDependency Project="niyah.vcxproj"/>
		<BuildDependency Project="niyah_backward_test.vcxproj"/>
		<BuildDependency Project="niyah_checkpoint_test.vcxproj"/>
		<BuildDependency Project="niyah_cli.vcxproj"/>
		<BuildDependency Project="niyah_dataset_collection_test.vcxproj"/>
		<BuildDependency Project="niyah_dataset_shard_test.vcxproj"/>
		<BuildDependency Project="niyah_dataset_test.vcxproj"/>
		<BuildDependency Project="niyah_decode_test.vcxproj"/>
		<BuildDependency Project="niyah_eval_test.vcxproj"/>
		<BuildDependency Project="niyah_generation_test.vcxproj"/>
		<BuildDependency Project="niyah_model_test.vcxproj"/>
		<BuildDependency Project="niyah_optimizer_test.vcxproj"/>
		<BuildDependency Project="niyah_probe.vcxproj"/>
		<BuildDependency Project="niyah_segment_embeddings_test.vcxproj"/>
		<BuildDependency Project="niyah_text_pipeline_test.vcxproj"/>
		<BuildDependency Project="niyah_tokenizer_test.vcxproj"/>
		<BuildDependency Project="niyah_train.vcxproj"/>
		<BuildDependency Project="niyah_train_test.vcxproj"/>
		<BuildDependency Project="niyah_training_fixture.vcxproj"/>
		<BuildDependency Project="niyah_training_loop_test.vcxproj"/>
		<BuildDependency Project="niyah_transformer_test.vcxproj"/>
		<Build Solution="Debug|*" Project="false"/>
		<Build Solution="Release|*" Project="false"/>
		<Build Solution="MinSizeRel|*" Project="false"/>
		<Build Solution="RelWithDebInfo|*" Project="false"/>
	</Project>
	<Project Path="RUN_TESTS.vcxproj" Type="8bc9ceb8-8b4a-11d0-8d11-00a0c91bc942" Id="7c1355af-85bf-3c24-8e1c-5cc06236e8f8">
		<BuildDependency Project="ZERO_CHECK.vcxproj"/>
		<Build Solution="Debug|*" Project="false"/>
		<Build Solution="Release|*" Project="false"/>
		<Build Solution="MinSizeRel|*" Project="false"/>
		<Build Solution="RelWithDebInfo|*" Project="false"/>
	</Project>
	<Project Path="ZERO_CHECK.vcxproj" Type="8bc9ceb8-8b4a-11d0-8d11-00a0c91bc942" Id="07f60347-0296-336a-89ba-45e9a13972c9"/>
	<Project Path="niyah.vcxproj" Type="8bc9ceb8-8b4a-11d0-8d11-00a0c91bc942" Id="31747674-56df-3827-8164-7e258b784b49">
		<BuildDependency Project="ZERO_CHECK.vcxproj"/>
	</Project>
	<Project Path="niyah_backward_test.vcxproj" Type="8bc9ceb8-8b4a-11d0-8d11-00a0c91bc942" Id="4b2cea98-1e6a-33fd-aa32-04537f229134">
		<BuildDependency Project="ZERO_CHECK.vcxproj"/>
		<BuildDependency Project="niyah.vcxproj"/>
	</Project>
	<Project Path="niyah_checkpoint_test.vcxproj" Type="8bc9ceb8-8b4a-11d0-8d11-00a0c91bc942" Id="c29b06ed-735e-3ff3-9f40-34eea60f189e">
		<BuildDependency Project="ZERO_CHECK.vcxproj"/>
		<BuildDependency Project="niyah.vcxproj"/>
	</Project>
	<Project Path="niyah_cli.vcxproj" Type="8bc9ceb8-8b4a-11d0-8d11-00a0c91bc942" Id="140bbe07-0e34-385b-9f7c-4e49d36b5b1f">
		<BuildDependency Project="ZERO_CHECK.vcxproj"/>
		<BuildDependency Project="niyah.vcxproj"/>
	</Project>
	<Project Path="niyah_dataset_collection_test.vcxproj" Type="8bc9ceb8-8b4a-11d0-8d11-00a0c91bc942" Id="1f4be9a6-21cf-3294-ba22-fdfeea3dbe2e">
		<BuildDependency Project="ZERO_CHECK.vcxproj"/>
		<BuildDependency Project="niyah.vcxproj"/>
	</Project>
	<Project Path="niyah_dataset_shard_test.vcxproj" Type="8bc9ceb8-8b4a-11d0-8d11-00a0c91bc942" Id="8093bbb3-61e3-309a-a94c-a40e05bc7b63">
		<BuildDependency Project="ZERO_CHECK.vcxproj"/>
		<BuildDependency Project="niyah.vcxproj"/>
	</Project>
	<Project Path="niyah_dataset_test.vcxproj" Type="8bc9ceb8-8b4a-11d0-8d11-00a0c91bc942" Id="2c7651bf-b4ee-361b-8236-1ceb6cf3b63c">
		<BuildDependency Project="ZERO_CHECK.vcxproj"/>
		<BuildDependency Project="niyah.vcxproj"/>
	</Project>
	<Project Path="niyah_decode_test.vcxproj" Type="8bc9ceb8-8b4a-11d0-8d11-00a0c91bc942" Id="f717c874-5983-3fff-b0fa-253e5043f2e8">
		<BuildDependency Project="ZERO_CHECK.vcxproj"/>
		<BuildDependency Project="niyah.vcxproj"/>
	</Project>
	<Project Path="niyah_eval_test.vcxproj" Type="8bc9ceb8-8b4a-11d0-8d11-00a0c91bc942" Id="815b09a0-fd06-340f-83fe-f45bdeebb2c7">
		<BuildDependency Project="ZERO_CHECK.vcxproj"/>
		<BuildDependency Project="niyah.vcxproj"/>
	</Project>
	<Project Path="niyah_generation_test.vcxproj" Type="8bc9ceb8-8b4a-11d0-8d11-00a0c91bc942" Id="5931e5c7-c38c-34f4-bd67-31aeea7827c3">
		<BuildDependency Project="ZERO_CHECK.vcxproj"/>
		<BuildDependency Project="niyah.vcxproj"/>
	</Project>
	<Project Path="niyah_model_test.vcxproj" Type="8bc9ceb8-8b4a-11d0-8d11-00a0c91bc942" Id="22692f8b-d209-3b1b-abb0-9a2102b05425">
		<BuildDependency Project="ZERO_CHECK.vcxproj"/>
		<BuildDependency Project="niyah.vcxproj"/>
	</Project>
	<Project Path="niyah_optimizer_test.vcxproj" Type="8bc9ceb8-8b4a-11d0-8d11-00a0c91bc942" Id="65b73118-649d-3dba-beba-9dd61f4d9648">
		<BuildDependency Project="ZERO_CHECK.vcxproj"/>
		<BuildDependency Project="niyah.vcxproj"/>
	</Project>
	<Project Path="niyah_probe.vcxproj" Type="8bc9ceb8-8b4a-11d0-8d11-00a0c91bc942" Id="d2f7690d-45d5-309f-83a1-9615e5abc211">
		<BuildDependency Project="ZERO_CHECK.vcxproj"/>
		<BuildDependency Project="niyah.vcxproj"/>
	</Project>
	<Project Path="niyah_segment_embeddings_test.vcxproj" Type="8bc9ceb8-8b4a-11d0-8d11-00a0c91bc942" Id="5bca6c52-b8de-3443-97be-dd2359a59452">
		<BuildDependency Project="ZERO_CHECK.vcxproj"/>
		<BuildDependency Project="niyah.vcxproj"/>
	</Project>
	<Project Path="niyah_text_pipeline_test.vcxproj" Type="8bc9ceb8-8b4a-11d0-8d11-00a0c91bc942" Id="0fc35a76-f6f3-3434-8593-04bc41c2ceaa">
		<BuildDependency Project="ZERO_CHECK.vcxproj"/>
		<BuildDependency Project="niyah.vcxproj"/>
	</Project>
	<Project Path="niyah_tokenizer_test.vcxproj" Type="8bc9ceb8-8b4a-11d0-8d11-00a0c91bc942" Id="3d58e156-c46c-366e-9d6c-35e3a2d16e3f">
		<BuildDependency Project="ZERO_CHECK.vcxproj"/>
		<BuildDependency Project="niyah.vcxproj"/>
	</Project>
	<Project Path="niyah_train.vcxproj" Type="8bc9ceb8-8b4a-11d0-8d11-00a0c91bc942" Id="5c04933c-c015-39d2-9243-beb12ac368c4">
		<BuildDependency Project="ZERO_CHECK.vcxproj"/>
		<BuildDependency Project="niyah.vcxproj"/>
	</Project>
	<Project Path="niyah_train_test.vcxproj" Type="8bc9ceb8-8b4a-11d0-8d11-00a0c91bc942" Id="9f517cd2-c36c-329b-9d58-f51090963c89">
		<BuildDependency Project="ZERO_CHECK.vcxproj"/>
		<BuildDependency Project="niyah.vcxproj"/>
	</Project>
	<Project Path="niyah_training_fixture.vcxproj" Type="8bc9ceb8-8b4a-11d0-8d11-00a0c91bc942" Id="7ed17d3f-e5bf-3ac0-90f4-891fa5fb9ef7">
		<BuildDependency Project="ZERO_CHECK.vcxproj"/>
		<BuildDependency Project="niyah.vcxproj"/>
	</Project>
	<Project Path="niyah_training_loop_test.vcxproj" Type="8bc9ceb8-8b4a-11d0-8d11-00a0c91bc942" Id="c4c0615a-7c4e-3fcd-b9cf-1830fe319c4c">
		<BuildDependency Project="ZERO_CHECK.vcxproj"/>
		<BuildDependency Project="niyah.vcxproj"/>
	</Project>
	<Project Path="niyah_transformer_test.vcxproj" Type="8bc9ceb8-8b4a-11d0-8d11-00a0c91bc942" Id="22215151-9ebb-395c-8802-60f254696f81">
		<BuildDependency Project="ZERO_CHECK.vcxproj"/>
		<BuildDependency Project="niyah.vcxproj"/>
	</Project>
</Solution>
