
Microsoft Visual Studio Solution File, Format Version 12.00
# Visual Studio Version 17
Project("{8BC9CEB8-8B4A-11D0-8D11-00A0C91BC942}") = "ALL_BUILD", "ALL_BUILD.vcxproj", "{CE36F500-21C5-35D7-BFE2-251D0EDA6A5E}"
	ProjectSection(ProjectDependencies) = postProject
		{0E29F390-4A9D-3E32-AC62-EA17007CACDB} = {0E29F390-4A9D-3E32-AC62-EA17007CACDB}
		{64F49E0B-0A03-3439-BBFD-A039DF56E495} = {64F49E0B-0A03-3439-BBFD-A039DF56E495}
		{9079A26D-F8C9-3107-AE2F-58BE1D05B9B9} = {9079A26D-F8C9-3107-AE2F-58BE1D05B9B9}
		{7876AF7F-0198-3CCC-BEBD-86C9F380CA64} = {7876AF7F-0198-3CCC-BEBD-86C9F380CA64}
		{E0D3386A-E023-3397-AF46-578E08B55B93} = {E0D3386A-E023-3397-AF46-578E08B55B93}
		{4D405639-9E3A-372F-8917-8458B00C405A} = {4D405639-9E3A-372F-8917-8458B00C405A}
		{C5FD09BC-5D23-30A5-991A-B5852FEA700A} = {C5FD09BC-5D23-30A5-991A-B5852FEA700A}
		{AB990FBA-D70D-3B52-9578-F6668864018D} = {AB990FBA-D70D-3B52-9578-F6668864018D}
		{70C37D40-38CE-3A79-98F4-878B79E8ED49} = {70C37D40-38CE-3A79-98F4-878B79E8ED49}
		{4F22EF7B-676B-3D7F-8FE0-6BFF36617BB4} = {4F22EF7B-676B-3D7F-8FE0-6BFF36617BB4}
		{A5BA75FA-E09F-35CE-A160-5889237E8FD9} = {A5BA75FA-E09F-35CE-A160-5889237E8FD9}
		{A9D494F3-B3FD-33C2-BF6A-A1AF8B5E76C2} = {A9D494F3-B3FD-33C2-BF6A-A1AF8B5E76C2}
		{805F4A00-42DD-3398-A0C1-9B3E8492695B} = {805F4A00-42DD-3398-A0C1-9B3E8492695B}
		{699D013C-95F7-367E-81F9-2C3B7B894384} = {699D013C-95F7-367E-81F9-2C3B7B894384}
		{8045511E-4053-3875-A9EC-B4FAA930018D} = {8045511E-4053-3875-A9EC-B4FAA930018D}
		{0ED2BC5F-AF73-3AAD-9A48-D14E8EA491BA} = {0ED2BC5F-AF73-3AAD-9A48-D14E8EA491BA}
		{219020D6-6E6D-3EE7-A1E8-08AE7025811C} = {219020D6-6E6D-3EE7-A1E8-08AE7025811C}
		{52B93645-7AD1-353F-BB3B-2AB0323954C8} = {52B93645-7AD1-353F-BB3B-2AB0323954C8}
		{4F2D6B82-3F27-335D-BF06-420189C92C77} = {4F2D6B82-3F27-335D-BF06-420189C92C77}
		{77914F94-F82A-3BBB-A582-B18082B3D35F} = {77914F94-F82A-3BBB-A582-B18082B3D35F}
		{637EF69C-A2CD-3B62-B175-FA8C25E17AB1} = {637EF69C-A2CD-3B62-B175-FA8C25E17AB1}
		{32204D38-6312-331E-AF4B-F413A55259FF} = {32204D38-6312-331E-AF4B-F413A55259FF}
		{1A0D2717-ABCD-3943-882F-A8B6B1C57F66} = {1A0D2717-ABCD-3943-882F-A8B6B1C57F66}
		{AD6335FB-8939-3B25-B6BE-2DE01B401E61} = {AD6335FB-8939-3B25-B6BE-2DE01B401E61}
		{8E48DCF0-D874-3FE0-899A-1087C64A655B} = {8E48DCF0-D874-3FE0-899A-1087C64A655B}
		{28C57237-53E6-3B6E-9452-371EA9C16D95} = {28C57237-53E6-3B6E-9452-371EA9C16D95}
		{3187EAC8-114B-38B7-A5F0-B4C39025F746} = {3187EAC8-114B-38B7-A5F0-B4C39025F746}
		{B537051D-9DE4-3C4F-9CD1-201B8F6795CF} = {B537051D-9DE4-3C4F-9CD1-201B8F6795CF}
		{E0A77CFA-92F5-32A7-B720-C495935D9389} = {E0A77CFA-92F5-32A7-B720-C495935D9389}
		{E3850279-48AC-303D-9C97-9F1A4B378A0C} = {E3850279-48AC-303D-9C97-9F1A4B378A0C}
	EndProjectSection
EndProject
Project("{8BC9CEB8-8B4A-11D0-8D11-00A0C91BC942}") = "RUN_TESTS", "RUN_TESTS.vcxproj", "{F916566D-900C-3C5C-83BE-EA0DF84EFCEC}"
	ProjectSection(ProjectDependencies) = postProject
		{0E29F390-4A9D-3E32-AC62-EA17007CACDB} = {0E29F390-4A9D-3E32-AC62-EA17007CACDB}
	EndProjectSection
EndProject
Project("{8BC9CEB8-8B4A-11D0-8D11-00A0C91BC942}") = "ZERO_CHECK", "ZERO_CHECK.vcxproj", "{0E29F390-4A9D-3E32-AC62-EA17007CACDB}"
	ProjectSection(ProjectDependencies) = postProject
	EndProjectSection
EndProject
Project("{8BC9CEB8-8B4A-11D0-8D11-00A0C91BC942}") = "niyah", "niyah.vcxproj", "{64F49E0B-0A03-3439-BBFD-A039DF56E495}"
	ProjectSection(ProjectDependencies) = postProject
		{0E29F390-4A9D-3E32-AC62-EA17007CACDB} = {0E29F390-4A9D-3E32-AC62-EA17007CACDB}
	EndProjectSection
EndProject
Project("{8BC9CEB8-8B4A-11D0-8D11-00A0C91BC942}") = "niyah_backward_test", "niyah_backward_test.vcxproj", "{9079A26D-F8C9-3107-AE2F-58BE1D05B9B9}"
	ProjectSection(ProjectDependencies) = postProject
		{0E29F390-4A9D-3E32-AC62-EA17007CACDB} = {0E29F390-4A9D-3E32-AC62-EA17007CACDB}
		{64F49E0B-0A03-3439-BBFD-A039DF56E495} = {64F49E0B-0A03-3439-BBFD-A039DF56E495}
	EndProjectSection
EndProject
Project("{8BC9CEB8-8B4A-11D0-8D11-00A0C91BC942}") = "niyah_checkpoint_test", "niyah_checkpoint_test.vcxproj", "{7876AF7F-0198-3CCC-BEBD-86C9F380CA64}"
	ProjectSection(ProjectDependencies) = postProject
		{0E29F390-4A9D-3E32-AC62-EA17007CACDB} = {0E29F390-4A9D-3E32-AC62-EA17007CACDB}
		{64F49E0B-0A03-3439-BBFD-A039DF56E495} = {64F49E0B-0A03-3439-BBFD-A039DF56E495}
	EndProjectSection
EndProject
Project("{8BC9CEB8-8B4A-11D0-8D11-00A0C91BC942}") = "niyah_cli", "niyah_cli.vcxproj", "{E0D3386A-E023-3397-AF46-578E08B55B93}"
	ProjectSection(ProjectDependencies) = postProject
		{0E29F390-4A9D-3E32-AC62-EA17007CACDB} = {0E29F390-4A9D-3E32-AC62-EA17007CACDB}
		{64F49E0B-0A03-3439-BBFD-A039DF56E495} = {64F49E0B-0A03-3439-BBFD-A039DF56E495}
		{4D405639-9E3A-372F-8917-8458B00C405A} = {4D405639-9E3A-372F-8917-8458B00C405A}
	EndProjectSection
EndProject
Project("{8BC9CEB8-8B4A-11D0-8D11-00A0C91BC942}") = "niyah_cuda_backend", "niyah_cuda_backend.vcxproj", "{4D405639-9E3A-372F-8917-8458B00C405A}"
	ProjectSection(ProjectDependencies) = postProject
		{0E29F390-4A9D-3E32-AC62-EA17007CACDB} = {0E29F390-4A9D-3E32-AC62-EA17007CACDB}
		{64F49E0B-0A03-3439-BBFD-A039DF56E495} = {64F49E0B-0A03-3439-BBFD-A039DF56E495}
	EndProjectSection
EndProject
Project("{8BC9CEB8-8B4A-11D0-8D11-00A0C91BC942}") = "niyah_cuda_decode_state_test", "niyah_cuda_decode_state_test.vcxproj", "{C5FD09BC-5D23-30A5-991A-B5852FEA700A}"
	ProjectSection(ProjectDependencies) = postProject
		{0E29F390-4A9D-3E32-AC62-EA17007CACDB} = {0E29F390-4A9D-3E32-AC62-EA17007CACDB}
		{64F49E0B-0A03-3439-BBFD-A039DF56E495} = {64F49E0B-0A03-3439-BBFD-A039DF56E495}
		{4D405639-9E3A-372F-8917-8458B00C405A} = {4D405639-9E3A-372F-8917-8458B00C405A}
	EndProjectSection
EndProject
Project("{8BC9CEB8-8B4A-11D0-8D11-00A0C91BC942}") = "niyah_cuda_decode_token_test", "niyah_cuda_decode_token_test.vcxproj", "{AB990FBA-D70D-3B52-9578-F6668864018D}"
	ProjectSection(ProjectDependencies) = postProject
		{0E29F390-4A9D-3E32-AC62-EA17007CACDB} = {0E29F390-4A9D-3E32-AC62-EA17007CACDB}
		{64F49E0B-0A03-3439-BBFD-A039DF56E495} = {64F49E0B-0A03-3439-BBFD-A039DF56E495}
		{4D405639-9E3A-372F-8917-8458B00C405A} = {4D405639-9E3A-372F-8917-8458B00C405A}
	EndProjectSection
EndProject
Project("{8BC9CEB8-8B4A-11D0-8D11-00A0C91BC942}") = "niyah_cuda_device_matvec_test", "niyah_cuda_device_matvec_test.vcxproj", "{70C37D40-38CE-3A79-98F4-878B79E8ED49}"
	ProjectSection(ProjectDependencies) = postProject
		{0E29F390-4A9D-3E32-AC62-EA17007CACDB} = {0E29F390-4A9D-3E32-AC62-EA17007CACDB}
		{64F49E0B-0A03-3439-BBFD-A039DF56E495} = {64F49E0B-0A03-3439-BBFD-A039DF56E495}
		{4D405639-9E3A-372F-8917-8458B00C405A} = {4D405639-9E3A-372F-8917-8458B00C405A}
	EndProjectSection
EndProject
Project("{8BC9CEB8-8B4A-11D0-8D11-00A0C91BC942}") = "niyah_cuda_generation_bench", "niyah_cuda_generation_bench.vcxproj", "{4F22EF7B-676B-3D7F-8FE0-6BFF36617BB4}"
	ProjectSection(ProjectDependencies) = postProject
		{0E29F390-4A9D-3E32-AC62-EA17007CACDB} = {0E29F390-4A9D-3E32-AC62-EA17007CACDB}
		{64F49E0B-0A03-3439-BBFD-A039DF56E495} = {64F49E0B-0A03-3439-BBFD-A039DF56E495}
		{4D405639-9E3A-372F-8917-8458B00C405A} = {4D405639-9E3A-372F-8917-8458B00C405A}
	EndProjectSection
EndProject
Project("{8BC9CEB8-8B4A-11D0-8D11-00A0C91BC942}") = "niyah_cuda_generation_test", "niyah_cuda_generation_test.vcxproj", "{A5BA75FA-E09F-35CE-A160-5889237E8FD9}"
	ProjectSection(ProjectDependencies) = postProject
		{0E29F390-4A9D-3E32-AC62-EA17007CACDB} = {0E29F390-4A9D-3E32-AC62-EA17007CACDB}
		{64F49E0B-0A03-3439-BBFD-A039DF56E495} = {64F49E0B-0A03-3439-BBFD-A039DF56E495}
		{4D405639-9E3A-372F-8917-8458B00C405A} = {4D405639-9E3A-372F-8917-8458B00C405A}
	EndProjectSection
EndProject
Project("{8BC9CEB8-8B4A-11D0-8D11-00A0C91BC942}") = "niyah_cuda_matvec_test", "niyah_cuda_matvec_test.vcxproj", "{A9D494F3-B3FD-33C2-BF6A-A1AF8B5E76C2}"
	ProjectSection(ProjectDependencies) = postProject
		{0E29F390-4A9D-3E32-AC62-EA17007CACDB} = {0E29F390-4A9D-3E32-AC62-EA17007CACDB}
		{64F49E0B-0A03-3439-BBFD-A039DF56E495} = {64F49E0B-0A03-3439-BBFD-A039DF56E495}
		{4D405639-9E3A-372F-8917-8458B00C405A} = {4D405639-9E3A-372F-8917-8458B00C405A}
	EndProjectSection
EndProject
Project("{8BC9CEB8-8B4A-11D0-8D11-00A0C91BC942}") = "niyah_cuda_model_test", "niyah_cuda_model_test.vcxproj", "{805F4A00-42DD-3398-A0C1-9B3E8492695B}"
	ProjectSection(ProjectDependencies) = postProject
		{0E29F390-4A9D-3E32-AC62-EA17007CACDB} = {0E29F390-4A9D-3E32-AC62-EA17007CACDB}
		{64F49E0B-0A03-3439-BBFD-A039DF56E495} = {64F49E0B-0A03-3439-BBFD-A039DF56E495}
		{4D405639-9E3A-372F-8917-8458B00C405A} = {4D405639-9E3A-372F-8917-8458B00C405A}
	EndProjectSection
EndProject
Project("{8BC9CEB8-8B4A-11D0-8D11-00A0C91BC942}") = "niyah_dataset_collection_test", "niyah_dataset_collection_test.vcxproj", "{699D013C-95F7-367E-81F9-2C3B7B894384}"
	ProjectSection(ProjectDependencies) = postProject
		{0E29F390-4A9D-3E32-AC62-EA17007CACDB} = {0E29F390-4A9D-3E32-AC62-EA17007CACDB}
		{64F49E0B-0A03-3439-BBFD-A039DF56E495} = {64F49E0B-0A03-3439-BBFD-A039DF56E495}
	EndProjectSection
EndProject
Project("{8BC9CEB8-8B4A-11D0-8D11-00A0C91BC942}") = "niyah_dataset_shard_test", "niyah_dataset_shard_test.vcxproj", "{8045511E-4053-3875-A9EC-B4FAA930018D}"
	ProjectSection(ProjectDependencies) = postProject
		{0E29F390-4A9D-3E32-AC62-EA17007CACDB} = {0E29F390-4A9D-3E32-AC62-EA17007CACDB}
		{64F49E0B-0A03-3439-BBFD-A039DF56E495} = {64F49E0B-0A03-3439-BBFD-A039DF56E495}
	EndProjectSection
EndProject
Project("{8BC9CEB8-8B4A-11D0-8D11-00A0C91BC942}") = "niyah_dataset_test", "niyah_dataset_test.vcxproj", "{0ED2BC5F-AF73-3AAD-9A48-D14E8EA491BA}"
	ProjectSection(ProjectDependencies) = postProject
		{0E29F390-4A9D-3E32-AC62-EA17007CACDB} = {0E29F390-4A9D-3E32-AC62-EA17007CACDB}
		{64F49E0B-0A03-3439-BBFD-A039DF56E495} = {64F49E0B-0A03-3439-BBFD-A039DF56E495}
	EndProjectSection
EndProject
Project("{8BC9CEB8-8B4A-11D0-8D11-00A0C91BC942}") = "niyah_decode_test", "niyah_decode_test.vcxproj", "{219020D6-6E6D-3EE7-A1E8-08AE7025811C}"
	ProjectSection(ProjectDependencies) = postProject
		{0E29F390-4A9D-3E32-AC62-EA17007CACDB} = {0E29F390-4A9D-3E32-AC62-EA17007CACDB}
		{64F49E0B-0A03-3439-BBFD-A039DF56E495} = {64F49E0B-0A03-3439-BBFD-A039DF56E495}
	EndProjectSection
EndProject
Project("{8BC9CEB8-8B4A-11D0-8D11-00A0C91BC942}") = "niyah_eval_test", "niyah_eval_test.vcxproj", "{52B93645-7AD1-353F-BB3B-2AB0323954C8}"
	ProjectSection(ProjectDependencies) = postProject
		{0E29F390-4A9D-3E32-AC62-EA17007CACDB} = {0E29F390-4A9D-3E32-AC62-EA17007CACDB}
		{64F49E0B-0A03-3439-BBFD-A039DF56E495} = {64F49E0B-0A03-3439-BBFD-A039DF56E495}
	EndProjectSection
EndProject
Project("{8BC9CEB8-8B4A-11D0-8D11-00A0C91BC942}") = "niyah_generation_test", "niyah_generation_test.vcxproj", "{4F2D6B82-3F27-335D-BF06-420189C92C77}"
	ProjectSection(ProjectDependencies) = postProject
		{0E29F390-4A9D-3E32-AC62-EA17007CACDB} = {0E29F390-4A9D-3E32-AC62-EA17007CACDB}
		{64F49E0B-0A03-3439-BBFD-A039DF56E495} = {64F49E0B-0A03-3439-BBFD-A039DF56E495}
	EndProjectSection
EndProject
Project("{8BC9CEB8-8B4A-11D0-8D11-00A0C91BC942}") = "niyah_model_test", "niyah_model_test.vcxproj", "{77914F94-F82A-3BBB-A582-B18082B3D35F}"
	ProjectSection(ProjectDependencies) = postProject
		{0E29F390-4A9D-3E32-AC62-EA17007CACDB} = {0E29F390-4A9D-3E32-AC62-EA17007CACDB}
		{64F49E0B-0A03-3439-BBFD-A039DF56E495} = {64F49E0B-0A03-3439-BBFD-A039DF56E495}
	EndProjectSection
EndProject
Project("{8BC9CEB8-8B4A-11D0-8D11-00A0C91BC942}") = "niyah_optimizer_test", "niyah_optimizer_test.vcxproj", "{637EF69C-A2CD-3B62-B175-FA8C25E17AB1}"
	ProjectSection(ProjectDependencies) = postProject
		{0E29F390-4A9D-3E32-AC62-EA17007CACDB} = {0E29F390-4A9D-3E32-AC62-EA17007CACDB}
		{64F49E0B-0A03-3439-BBFD-A039DF56E495} = {64F49E0B-0A03-3439-BBFD-A039DF56E495}
	EndProjectSection
EndProject
Project("{8BC9CEB8-8B4A-11D0-8D11-00A0C91BC942}") = "niyah_probe", "niyah_probe.vcxproj", "{32204D38-6312-331E-AF4B-F413A55259FF}"
	ProjectSection(ProjectDependencies) = postProject
		{0E29F390-4A9D-3E32-AC62-EA17007CACDB} = {0E29F390-4A9D-3E32-AC62-EA17007CACDB}
		{64F49E0B-0A03-3439-BBFD-A039DF56E495} = {64F49E0B-0A03-3439-BBFD-A039DF56E495}
	EndProjectSection
EndProject
Project("{8BC9CEB8-8B4A-11D0-8D11-00A0C91BC942}") = "niyah_segment_embeddings_test", "niyah_segment_embeddings_test.vcxproj", "{1A0D2717-ABCD-3943-882F-A8B6B1C57F66}"
	ProjectSection(ProjectDependencies) = postProject
		{0E29F390-4A9D-3E32-AC62-EA17007CACDB} = {0E29F390-4A9D-3E32-AC62-EA17007CACDB}
		{64F49E0B-0A03-3439-BBFD-A039DF56E495} = {64F49E0B-0A03-3439-BBFD-A039DF56E495}
	EndProjectSection
EndProject
Project("{8BC9CEB8-8B4A-11D0-8D11-00A0C91BC942}") = "niyah_text_pipeline_test", "niyah_text_pipeline_test.vcxproj", "{AD6335FB-8939-3B25-B6BE-2DE01B401E61}"
	ProjectSection(ProjectDependencies) = postProject
		{0E29F390-4A9D-3E32-AC62-EA17007CACDB} = {0E29F390-4A9D-3E32-AC62-EA17007CACDB}
		{64F49E0B-0A03-3439-BBFD-A039DF56E495} = {64F49E0B-0A03-3439-BBFD-A039DF56E495}
	EndProjectSection
EndProject
Project("{8BC9CEB8-8B4A-11D0-8D11-00A0C91BC942}") = "niyah_tokenizer_test", "niyah_tokenizer_test.vcxproj", "{8E48DCF0-D874-3FE0-899A-1087C64A655B}"
	ProjectSection(ProjectDependencies) = postProject
		{0E29F390-4A9D-3E32-AC62-EA17007CACDB} = {0E29F390-4A9D-3E32-AC62-EA17007CACDB}
		{64F49E0B-0A03-3439-BBFD-A039DF56E495} = {64F49E0B-0A03-3439-BBFD-A039DF56E495}
	EndProjectSection
EndProject
Project("{8BC9CEB8-8B4A-11D0-8D11-00A0C91BC942}") = "niyah_train", "niyah_train.vcxproj", "{28C57237-53E6-3B6E-9452-371EA9C16D95}"
	ProjectSection(ProjectDependencies) = postProject
		{0E29F390-4A9D-3E32-AC62-EA17007CACDB} = {0E29F390-4A9D-3E32-AC62-EA17007CACDB}
		{64F49E0B-0A03-3439-BBFD-A039DF56E495} = {64F49E0B-0A03-3439-BBFD-A039DF56E495}
	EndProjectSection
EndProject
Project("{8BC9CEB8-8B4A-11D0-8D11-00A0C91BC942}") = "niyah_train_test", "niyah_train_test.vcxproj", "{3187EAC8-114B-38B7-A5F0-B4C39025F746}"
	ProjectSection(ProjectDependencies) = postProject
		{0E29F390-4A9D-3E32-AC62-EA17007CACDB} = {0E29F390-4A9D-3E32-AC62-EA17007CACDB}
		{64F49E0B-0A03-3439-BBFD-A039DF56E495} = {64F49E0B-0A03-3439-BBFD-A039DF56E495}
	EndProjectSection
EndProject
Project("{8BC9CEB8-8B4A-11D0-8D11-00A0C91BC942}") = "niyah_training_fixture", "niyah_training_fixture.vcxproj", "{B537051D-9DE4-3C4F-9CD1-201B8F6795CF}"
	ProjectSection(ProjectDependencies) = postProject
		{0E29F390-4A9D-3E32-AC62-EA17007CACDB} = {0E29F390-4A9D-3E32-AC62-EA17007CACDB}
		{64F49E0B-0A03-3439-BBFD-A039DF56E495} = {64F49E0B-0A03-3439-BBFD-A039DF56E495}
	EndProjectSection
EndProject
Project("{8BC9CEB8-8B4A-11D0-8D11-00A0C91BC942}") = "niyah_training_loop_test", "niyah_training_loop_test.vcxproj", "{E0A77CFA-92F5-32A7-B720-C495935D9389}"
	ProjectSection(ProjectDependencies) = postProject
		{0E29F390-4A9D-3E32-AC62-EA17007CACDB} = {0E29F390-4A9D-3E32-AC62-EA17007CACDB}
		{64F49E0B-0A03-3439-BBFD-A039DF56E495} = {64F49E0B-0A03-3439-BBFD-A039DF56E495}
	EndProjectSection
EndProject
Project("{8BC9CEB8-8B4A-11D0-8D11-00A0C91BC942}") = "niyah_transformer_test", "niyah_transformer_test.vcxproj", "{E3850279-48AC-303D-9C97-9F1A4B378A0C}"
	ProjectSection(ProjectDependencies) = postProject
		{0E29F390-4A9D-3E32-AC62-EA17007CACDB} = {0E29F390-4A9D-3E32-AC62-EA17007CACDB}
		{64F49E0B-0A03-3439-BBFD-A039DF56E495} = {64F49E0B-0A03-3439-BBFD-A039DF56E495}
	EndProjectSection
EndProject
Global
	GlobalSection(SolutionConfigurationPlatforms) = preSolution
		Debug|x64 = Debug|x64
		Release|x64 = Release|x64
		MinSizeRel|x64 = MinSizeRel|x64
		RelWithDebInfo|x64 = RelWithDebInfo|x64
	EndGlobalSection
	GlobalSection(ProjectConfigurationPlatforms) = postSolution
		{CE36F500-21C5-35D7-BFE2-251D0EDA6A5E}.Debug|x64.ActiveCfg = Debug|x64
		{CE36F500-21C5-35D7-BFE2-251D0EDA6A5E}.Release|x64.ActiveCfg = Release|x64
		{CE36F500-21C5-35D7-BFE2-251D0EDA6A5E}.MinSizeRel|x64.ActiveCfg = MinSizeRel|x64
		{CE36F500-21C5-35D7-BFE2-251D0EDA6A5E}.RelWithDebInfo|x64.ActiveCfg = RelWithDebInfo|x64
		{F916566D-900C-3C5C-83BE-EA0DF84EFCEC}.Debug|x64.ActiveCfg = Debug|x64
		{F916566D-900C-3C5C-83BE-EA0DF84EFCEC}.Release|x64.ActiveCfg = Release|x64
		{F916566D-900C-3C5C-83BE-EA0DF84EFCEC}.MinSizeRel|x64.ActiveCfg = MinSizeRel|x64
		{F916566D-900C-3C5C-83BE-EA0DF84EFCEC}.RelWithDebInfo|x64.ActiveCfg = RelWithDebInfo|x64
		{0E29F390-4A9D-3E32-AC62-EA17007CACDB}.Debug|x64.ActiveCfg = Debug|x64
		{0E29F390-4A9D-3E32-AC62-EA17007CACDB}.Debug|x64.Build.0 = Debug|x64
		{0E29F390-4A9D-3E32-AC62-EA17007CACDB}.Release|x64.ActiveCfg = Release|x64
		{0E29F390-4A9D-3E32-AC62-EA17007CACDB}.Release|x64.Build.0 = Release|x64
		{0E29F390-4A9D-3E32-AC62-EA17007CACDB}.MinSizeRel|x64.ActiveCfg = MinSizeRel|x64
		{0E29F390-4A9D-3E32-AC62-EA17007CACDB}.MinSizeRel|x64.Build.0 = MinSizeRel|x64
		{0E29F390-4A9D-3E32-AC62-EA17007CACDB}.RelWithDebInfo|x64.ActiveCfg = RelWithDebInfo|x64
		{0E29F390-4A9D-3E32-AC62-EA17007CACDB}.RelWithDebInfo|x64.Build.0 = RelWithDebInfo|x64
		{64F49E0B-0A03-3439-BBFD-A039DF56E495}.Debug|x64.ActiveCfg = Debug|x64
		{64F49E0B-0A03-3439-BBFD-A039DF56E495}.Debug|x64.Build.0 = Debug|x64
		{64F49E0B-0A03-3439-BBFD-A039DF56E495}.Release|x64.ActiveCfg = Release|x64
		{64F49E0B-0A03-3439-BBFD-A039DF56E495}.Release|x64.Build.0 = Release|x64
		{64F49E0B-0A03-3439-BBFD-A039DF56E495}.MinSizeRel|x64.ActiveCfg = MinSizeRel|x64
		{64F49E0B-0A03-3439-BBFD-A039DF56E495}.MinSizeRel|x64.Build.0 = MinSizeRel|x64
		{64F49E0B-0A03-3439-BBFD-A039DF56E495}.RelWithDebInfo|x64.ActiveCfg = RelWithDebInfo|x64
		{64F49E0B-0A03-3439-BBFD-A039DF56E495}.RelWithDebInfo|x64.Build.0 = RelWithDebInfo|x64
		{9079A26D-F8C9-3107-AE2F-58BE1D05B9B9}.Debug|x64.ActiveCfg = Debug|x64
		{9079A26D-F8C9-3107-AE2F-58BE1D05B9B9}.Debug|x64.Build.0 = Debug|x64
		{9079A26D-F8C9-3107-AE2F-58BE1D05B9B9}.Release|x64.ActiveCfg = Release|x64
		{9079A26D-F8C9-3107-AE2F-58BE1D05B9B9}.Release|x64.Build.0 = Release|x64
		{9079A26D-F8C9-3107-AE2F-58BE1D05B9B9}.MinSizeRel|x64.ActiveCfg = MinSizeRel|x64
		{9079A26D-F8C9-3107-AE2F-58BE1D05B9B9}.MinSizeRel|x64.Build.0 = MinSizeRel|x64
		{9079A26D-F8C9-3107-AE2F-58BE1D05B9B9}.RelWithDebInfo|x64.ActiveCfg = RelWithDebInfo|x64
		{9079A26D-F8C9-3107-AE2F-58BE1D05B9B9}.RelWithDebInfo|x64.Build.0 = RelWithDebInfo|x64
		{7876AF7F-0198-3CCC-BEBD-86C9F380CA64}.Debug|x64.ActiveCfg = Debug|x64
		{7876AF7F-0198-3CCC-BEBD-86C9F380CA64}.Debug|x64.Build.0 = Debug|x64
		{7876AF7F-0198-3CCC-BEBD-86C9F380CA64}.Release|x64.ActiveCfg = Release|x64
		{7876AF7F-0198-3CCC-BEBD-86C9F380CA64}.Release|x64.Build.0 = Release|x64
		{7876AF7F-0198-3CCC-BEBD-86C9F380CA64}.MinSizeRel|x64.ActiveCfg = MinSizeRel|x64
		{7876AF7F-0198-3CCC-BEBD-86C9F380CA64}.MinSizeRel|x64.Build.0 = MinSizeRel|x64
		{7876AF7F-0198-3CCC-BEBD-86C9F380CA64}.RelWithDebInfo|x64.ActiveCfg = RelWithDebInfo|x64
		{7876AF7F-0198-3CCC-BEBD-86C9F380CA64}.RelWithDebInfo|x64.Build.0 = RelWithDebInfo|x64
		{E0D3386A-E023-3397-AF46-578E08B55B93}.Debug|x64.ActiveCfg = Debug|x64
		{E0D3386A-E023-3397-AF46-578E08B55B93}.Debug|x64.Build.0 = Debug|x64
		{E0D3386A-E023-3397-AF46-578E08B55B93}.Release|x64.ActiveCfg = Release|x64
		{E0D3386A-E023-3397-AF46-578E08B55B93}.Release|x64.Build.0 = Release|x64
		{E0D3386A-E023-3397-AF46-578E08B55B93}.MinSizeRel|x64.ActiveCfg = MinSizeRel|x64
		{E0D3386A-E023-3397-AF46-578E08B55B93}.MinSizeRel|x64.Build.0 = MinSizeRel|x64
		{E0D3386A-E023-3397-AF46-578E08B55B93}.RelWithDebInfo|x64.ActiveCfg = RelWithDebInfo|x64
		{E0D3386A-E023-3397-AF46-578E08B55B93}.RelWithDebInfo|x64.Build.0 = RelWithDebInfo|x64
		{4D405639-9E3A-372F-8917-8458B00C405A}.Debug|x64.ActiveCfg = Debug|x64
		{4D405639-9E3A-372F-8917-8458B00C405A}.Debug|x64.Build.0 = Debug|x64
		{4D405639-9E3A-372F-8917-8458B00C405A}.Release|x64.ActiveCfg = Release|x64
		{4D405639-9E3A-372F-8917-8458B00C405A}.Release|x64.Build.0 = Release|x64
		{4D405639-9E3A-372F-8917-8458B00C405A}.MinSizeRel|x64.ActiveCfg = MinSizeRel|x64
		{4D405639-9E3A-372F-8917-8458B00C405A}.MinSizeRel|x64.Build.0 = MinSizeRel|x64
		{4D405639-9E3A-372F-8917-8458B00C405A}.RelWithDebInfo|x64.ActiveCfg = RelWithDebInfo|x64
		{4D405639-9E3A-372F-8917-8458B00C405A}.RelWithDebInfo|x64.Build.0 = RelWithDebInfo|x64
		{C5FD09BC-5D23-30A5-991A-B5852FEA700A}.Debug|x64.ActiveCfg = Debug|x64
		{C5FD09BC-5D23-30A5-991A-B5852FEA700A}.Debug|x64.Build.0 = Debug|x64
		{C5FD09BC-5D23-30A5-991A-B5852FEA700A}.Release|x64.ActiveCfg = Release|x64
		{C5FD09BC-5D23-30A5-991A-B5852FEA700A}.Release|x64.Build.0 = Release|x64
		{C5FD09BC-5D23-30A5-991A-B5852FEA700A}.MinSizeRel|x64.ActiveCfg = MinSizeRel|x64
		{C5FD09BC-5D23-30A5-991A-B5852FEA700A}.MinSizeRel|x64.Build.0 = MinSizeRel|x64
		{C5FD09BC-5D23-30A5-991A-B5852FEA700A}.RelWithDebInfo|x64.ActiveCfg = RelWithDebInfo|x64
		{C5FD09BC-5D23-30A5-991A-B5852FEA700A}.RelWithDebInfo|x64.Build.0 = RelWithDebInfo|x64
		{AB990FBA-D70D-3B52-9578-F6668864018D}.Debug|x64.ActiveCfg = Debug|x64
		{AB990FBA-D70D-3B52-9578-F6668864018D}.Debug|x64.Build.0 = Debug|x64
		{AB990FBA-D70D-3B52-9578-F6668864018D}.Release|x64.ActiveCfg = Release|x64
		{AB990FBA-D70D-3B52-9578-F6668864018D}.Release|x64.Build.0 = Release|x64
		{AB990FBA-D70D-3B52-9578-F6668864018D}.MinSizeRel|x64.ActiveCfg = MinSizeRel|x64
		{AB990FBA-D70D-3B52-9578-F6668864018D}.MinSizeRel|x64.Build.0 = MinSizeRel|x64
		{AB990FBA-D70D-3B52-9578-F6668864018D}.RelWithDebInfo|x64.ActiveCfg = RelWithDebInfo|x64
		{AB990FBA-D70D-3B52-9578-F6668864018D}.RelWithDebInfo|x64.Build.0 = RelWithDebInfo|x64
		{70C37D40-38CE-3A79-98F4-878B79E8ED49}.Debug|x64.ActiveCfg = Debug|x64
		{70C37D40-38CE-3A79-98F4-878B79E8ED49}.Debug|x64.Build.0 = Debug|x64
		{70C37D40-38CE-3A79-98F4-878B79E8ED49}.Release|x64.ActiveCfg = Release|x64
		{70C37D40-38CE-3A79-98F4-878B79E8ED49}.Release|x64.Build.0 = Release|x64
		{70C37D40-38CE-3A79-98F4-878B79E8ED49}.MinSizeRel|x64.ActiveCfg = MinSizeRel|x64
		{70C37D40-38CE-3A79-98F4-878B79E8ED49}.MinSizeRel|x64.Build.0 = MinSizeRel|x64
		{70C37D40-38CE-3A79-98F4-878B79E8ED49}.RelWithDebInfo|x64.ActiveCfg = RelWithDebInfo|x64
		{70C37D40-38CE-3A79-98F4-878B79E8ED49}.RelWithDebInfo|x64.Build.0 = RelWithDebInfo|x64
		{4F22EF7B-676B-3D7F-8FE0-6BFF36617BB4}.Debug|x64.ActiveCfg = Debug|x64
		{4F22EF7B-676B-3D7F-8FE0-6BFF36617BB4}.Debug|x64.Build.0 = Debug|x64
		{4F22EF7B-676B-3D7F-8FE0-6BFF36617BB4}.Release|x64.ActiveCfg = Release|x64
		{4F22EF7B-676B-3D7F-8FE0-6BFF36617BB4}.Release|x64.Build.0 = Release|x64
		{4F22EF7B-676B-3D7F-8FE0-6BFF36617BB4}.MinSizeRel|x64.ActiveCfg = MinSizeRel|x64
		{4F22EF7B-676B-3D7F-8FE0-6BFF36617BB4}.MinSizeRel|x64.Build.0 = MinSizeRel|x64
		{4F22EF7B-676B-3D7F-8FE0-6BFF36617BB4}.RelWithDebInfo|x64.ActiveCfg = RelWithDebInfo|x64
		{4F22EF7B-676B-3D7F-8FE0-6BFF36617BB4}.RelWithDebInfo|x64.Build.0 = RelWithDebInfo|x64
		{A5BA75FA-E09F-35CE-A160-5889237E8FD9}.Debug|x64.ActiveCfg = Debug|x64
		{A5BA75FA-E09F-35CE-A160-5889237E8FD9}.Debug|x64.Build.0 = Debug|x64
		{A5BA75FA-E09F-35CE-A160-5889237E8FD9}.Release|x64.ActiveCfg = Release|x64
		{A5BA75FA-E09F-35CE-A160-5889237E8FD9}.Release|x64.Build.0 = Release|x64
		{A5BA75FA-E09F-35CE-A160-5889237E8FD9}.MinSizeRel|x64.ActiveCfg = MinSizeRel|x64
		{A5BA75FA-E09F-35CE-A160-5889237E8FD9}.MinSizeRel|x64.Build.0 = MinSizeRel|x64
		{A5BA75FA-E09F-35CE-A160-5889237E8FD9}.RelWithDebInfo|x64.ActiveCfg = RelWithDebInfo|x64
		{A5BA75FA-E09F-35CE-A160-5889237E8FD9}.RelWithDebInfo|x64.Build.0 = RelWithDebInfo|x64
		{A9D494F3-B3FD-33C2-BF6A-A1AF8B5E76C2}.Debug|x64.ActiveCfg = Debug|x64
		{A9D494F3-B3FD-33C2-BF6A-A1AF8B5E76C2}.Debug|x64.Build.0 = Debug|x64
		{A9D494F3-B3FD-33C2-BF6A-A1AF8B5E76C2}.Release|x64.ActiveCfg = Release|x64
		{A9D494F3-B3FD-33C2-BF6A-A1AF8B5E76C2}.Release|x64.Build.0 = Release|x64
		{A9D494F3-B3FD-33C2-BF6A-A1AF8B5E76C2}.MinSizeRel|x64.ActiveCfg = MinSizeRel|x64
		{A9D494F3-B3FD-33C2-BF6A-A1AF8B5E76C2}.MinSizeRel|x64.Build.0 = MinSizeRel|x64
		{A9D494F3-B3FD-33C2-BF6A-A1AF8B5E76C2}.RelWithDebInfo|x64.ActiveCfg = RelWithDebInfo|x64
		{A9D494F3-B3FD-33C2-BF6A-A1AF8B5E76C2}.RelWithDebInfo|x64.Build.0 = RelWithDebInfo|x64
		{805F4A00-42DD-3398-A0C1-9B3E8492695B}.Debug|x64.ActiveCfg = Debug|x64
		{805F4A00-42DD-3398-A0C1-9B3E8492695B}.Debug|x64.Build.0 = Debug|x64
		{805F4A00-42DD-3398-A0C1-9B3E8492695B}.Release|x64.ActiveCfg = Release|x64
		{805F4A00-42DD-3398-A0C1-9B3E8492695B}.Release|x64.Build.0 = Release|x64
		{805F4A00-42DD-3398-A0C1-9B3E8492695B}.MinSizeRel|x64.ActiveCfg = MinSizeRel|x64
		{805F4A00-42DD-3398-A0C1-9B3E8492695B}.MinSizeRel|x64.Build.0 = MinSizeRel|x64
		{805F4A00-42DD-3398-A0C1-9B3E8492695B}.RelWithDebInfo|x64.ActiveCfg = RelWithDebInfo|x64
		{805F4A00-42DD-3398-A0C1-9B3E8492695B}.RelWithDebInfo|x64.Build.0 = RelWithDebInfo|x64
		{699D013C-95F7-367E-81F9-2C3B7B894384}.Debug|x64.ActiveCfg = Debug|x64
		{699D013C-95F7-367E-81F9-2C3B7B894384}.Debug|x64.Build.0 = Debug|x64
		{699D013C-95F7-367E-81F9-2C3B7B894384}.Release|x64.ActiveCfg = Release|x64
		{699D013C-95F7-367E-81F9-2C3B7B894384}.Release|x64.Build.0 = Release|x64
		{699D013C-95F7-367E-81F9-2C3B7B894384}.MinSizeRel|x64.ActiveCfg = MinSizeRel|x64
		{699D013C-95F7-367E-81F9-2C3B7B894384}.MinSizeRel|x64.Build.0 = MinSizeRel|x64
		{699D013C-95F7-367E-81F9-2C3B7B894384}.RelWithDebInfo|x64.ActiveCfg = RelWithDebInfo|x64
		{699D013C-95F7-367E-81F9-2C3B7B894384}.RelWithDebInfo|x64.Build.0 = RelWithDebInfo|x64
		{8045511E-4053-3875-A9EC-B4FAA930018D}.Debug|x64.ActiveCfg = Debug|x64
		{8045511E-4053-3875-A9EC-B4FAA930018D}.Debug|x64.Build.0 = Debug|x64
		{8045511E-4053-3875-A9EC-B4FAA930018D}.Release|x64.ActiveCfg = Release|x64
		{8045511E-4053-3875-A9EC-B4FAA930018D}.Release|x64.Build.0 = Release|x64
		{8045511E-4053-3875-A9EC-B4FAA930018D}.MinSizeRel|x64.ActiveCfg = MinSizeRel|x64
		{8045511E-4053-3875-A9EC-B4FAA930018D}.MinSizeRel|x64.Build.0 = MinSizeRel|x64
		{8045511E-4053-3875-A9EC-B4FAA930018D}.RelWithDebInfo|x64.ActiveCfg = RelWithDebInfo|x64
		{8045511E-4053-3875-A9EC-B4FAA930018D}.RelWithDebInfo|x64.Build.0 = RelWithDebInfo|x64
		{0ED2BC5F-AF73-3AAD-9A48-D14E8EA491BA}.Debug|x64.ActiveCfg = Debug|x64
		{0ED2BC5F-AF73-3AAD-9A48-D14E8EA491BA}.Debug|x64.Build.0 = Debug|x64
		{0ED2BC5F-AF73-3AAD-9A48-D14E8EA491BA}.Release|x64.ActiveCfg = Release|x64
		{0ED2BC5F-AF73-3AAD-9A48-D14E8EA491BA}.Release|x64.Build.0 = Release|x64
		{0ED2BC5F-AF73-3AAD-9A48-D14E8EA491BA}.MinSizeRel|x64.ActiveCfg = MinSizeRel|x64
		{0ED2BC5F-AF73-3AAD-9A48-D14E8EA491BA}.MinSizeRel|x64.Build.0 = MinSizeRel|x64
		{0ED2BC5F-AF73-3AAD-9A48-D14E8EA491BA}.RelWithDebInfo|x64.ActiveCfg = RelWithDebInfo|x64
		{0ED2BC5F-AF73-3AAD-9A48-D14E8EA491BA}.RelWithDebInfo|x64.Build.0 = RelWithDebInfo|x64
		{219020D6-6E6D-3EE7-A1E8-08AE7025811C}.Debug|x64.ActiveCfg = Debug|x64
		{219020D6-6E6D-3EE7-A1E8-08AE7025811C}.Debug|x64.Build.0 = Debug|x64
		{219020D6-6E6D-3EE7-A1E8-08AE7025811C}.Release|x64.ActiveCfg = Release|x64
		{219020D6-6E6D-3EE7-A1E8-08AE7025811C}.Release|x64.Build.0 = Release|x64
		{219020D6-6E6D-3EE7-A1E8-08AE7025811C}.MinSizeRel|x64.ActiveCfg = MinSizeRel|x64
		{219020D6-6E6D-3EE7-A1E8-08AE7025811C}.MinSizeRel|x64.Build.0 = MinSizeRel|x64
		{219020D6-6E6D-3EE7-A1E8-08AE7025811C}.RelWithDebInfo|x64.ActiveCfg = RelWithDebInfo|x64
		{219020D6-6E6D-3EE7-A1E8-08AE7025811C}.RelWithDebInfo|x64.Build.0 = RelWithDebInfo|x64
		{52B93645-7AD1-353F-BB3B-2AB0323954C8}.Debug|x64.ActiveCfg = Debug|x64
		{52B93645-7AD1-353F-BB3B-2AB0323954C8}.Debug|x64.Build.0 = Debug|x64
		{52B93645-7AD1-353F-BB3B-2AB0323954C8}.Release|x64.ActiveCfg = Release|x64
		{52B93645-7AD1-353F-BB3B-2AB0323954C8}.Release|x64.Build.0 = Release|x64
		{52B93645-7AD1-353F-BB3B-2AB0323954C8}.MinSizeRel|x64.ActiveCfg = MinSizeRel|x64
		{52B93645-7AD1-353F-BB3B-2AB0323954C8}.MinSizeRel|x64.Build.0 = MinSizeRel|x64
		{52B93645-7AD1-353F-BB3B-2AB0323954C8}.RelWithDebInfo|x64.ActiveCfg = RelWithDebInfo|x64
		{52B93645-7AD1-353F-BB3B-2AB0323954C8}.RelWithDebInfo|x64.Build.0 = RelWithDebInfo|x64
		{4F2D6B82-3F27-335D-BF06-420189C92C77}.Debug|x64.ActiveCfg = Debug|x64
		{4F2D6B82-3F27-335D-BF06-420189C92C77}.Debug|x64.Build.0 = Debug|x64
		{4F2D6B82-3F27-335D-BF06-420189C92C77}.Release|x64.ActiveCfg = Release|x64
		{4F2D6B82-3F27-335D-BF06-420189C92C77}.Release|x64.Build.0 = Release|x64
		{4F2D6B82-3F27-335D-BF06-420189C92C77}.MinSizeRel|x64.ActiveCfg = MinSizeRel|x64
		{4F2D6B82-3F27-335D-BF06-420189C92C77}.MinSizeRel|x64.Build.0 = MinSizeRel|x64
		{4F2D6B82-3F27-335D-BF06-420189C92C77}.RelWithDebInfo|x64.ActiveCfg = RelWithDebInfo|x64
		{4F2D6B82-3F27-335D-BF06-420189C92C77}.RelWithDebInfo|x64.Build.0 = RelWithDebInfo|x64
		{77914F94-F82A-3BBB-A582-B18082B3D35F}.Debug|x64.ActiveCfg = Debug|x64
		{77914F94-F82A-3BBB-A582-B18082B3D35F}.Debug|x64.Build.0 = Debug|x64
		{77914F94-F82A-3BBB-A582-B18082B3D35F}.Release|x64.ActiveCfg = Release|x64
		{77914F94-F82A-3BBB-A582-B18082B3D35F}.Release|x64.Build.0 = Release|x64
		{77914F94-F82A-3BBB-A582-B18082B3D35F}.MinSizeRel|x64.ActiveCfg = MinSizeRel|x64
		{77914F94-F82A-3BBB-A582-B18082B3D35F}.MinSizeRel|x64.Build.0 = MinSizeRel|x64
		{77914F94-F82A-3BBB-A582-B18082B3D35F}.RelWithDebInfo|x64.ActiveCfg = RelWithDebInfo|x64
		{77914F94-F82A-3BBB-A582-B18082B3D35F}.RelWithDebInfo|x64.Build.0 = RelWithDebInfo|x64
		{637EF69C-A2CD-3B62-B175-FA8C25E17AB1}.Debug|x64.ActiveCfg = Debug|x64
		{637EF69C-A2CD-3B62-B175-FA8C25E17AB1}.Debug|x64.Build.0 = Debug|x64
		{637EF69C-A2CD-3B62-B175-FA8C25E17AB1}.Release|x64.ActiveCfg = Release|x64
		{637EF69C-A2CD-3B62-B175-FA8C25E17AB1}.Release|x64.Build.0 = Release|x64
		{637EF69C-A2CD-3B62-B175-FA8C25E17AB1}.MinSizeRel|x64.ActiveCfg = MinSizeRel|x64
		{637EF69C-A2CD-3B62-B175-FA8C25E17AB1}.MinSizeRel|x64.Build.0 = MinSizeRel|x64
		{637EF69C-A2CD-3B62-B175-FA8C25E17AB1}.RelWithDebInfo|x64.ActiveCfg = RelWithDebInfo|x64
		{637EF69C-A2CD-3B62-B175-FA8C25E17AB1}.RelWithDebInfo|x64.Build.0 = RelWithDebInfo|x64
		{32204D38-6312-331E-AF4B-F413A55259FF}.Debug|x64.ActiveCfg = Debug|x64
		{32204D38-6312-331E-AF4B-F413A55259FF}.Debug|x64.Build.0 = Debug|x64
		{32204D38-6312-331E-AF4B-F413A55259FF}.Release|x64.ActiveCfg = Release|x64
		{32204D38-6312-331E-AF4B-F413A55259FF}.Release|x64.Build.0 = Release|x64
		{32204D38-6312-331E-AF4B-F413A55259FF}.MinSizeRel|x64.ActiveCfg = MinSizeRel|x64
		{32204D38-6312-331E-AF4B-F413A55259FF}.MinSizeRel|x64.Build.0 = MinSizeRel|x64
		{32204D38-6312-331E-AF4B-F413A55259FF}.RelWithDebInfo|x64.ActiveCfg = RelWithDebInfo|x64
		{32204D38-6312-331E-AF4B-F413A55259FF}.RelWithDebInfo|x64.Build.0 = RelWithDebInfo|x64
		{1A0D2717-ABCD-3943-882F-A8B6B1C57F66}.Debug|x64.ActiveCfg = Debug|x64
		{1A0D2717-ABCD-3943-882F-A8B6B1C57F66}.Debug|x64.Build.0 = Debug|x64
		{1A0D2717-ABCD-3943-882F-A8B6B1C57F66}.Release|x64.ActiveCfg = Release|x64
		{1A0D2717-ABCD-3943-882F-A8B6B1C57F66}.Release|x64.Build.0 = Release|x64
		{1A0D2717-ABCD-3943-882F-A8B6B1C57F66}.MinSizeRel|x64.ActiveCfg = MinSizeRel|x64
		{1A0D2717-ABCD-3943-882F-A8B6B1C57F66}.MinSizeRel|x64.Build.0 = MinSizeRel|x64
		{1A0D2717-ABCD-3943-882F-A8B6B1C57F66}.RelWithDebInfo|x64.ActiveCfg = RelWithDebInfo|x64
		{1A0D2717-ABCD-3943-882F-A8B6B1C57F66}.RelWithDebInfo|x64.Build.0 = RelWithDebInfo|x64
		{AD6335FB-8939-3B25-B6BE-2DE01B401E61}.Debug|x64.ActiveCfg = Debug|x64
		{AD6335FB-8939-3B25-B6BE-2DE01B401E61}.Debug|x64.Build.0 = Debug|x64
		{AD6335FB-8939-3B25-B6BE-2DE01B401E61}.Release|x64.ActiveCfg = Release|x64
		{AD6335FB-8939-3B25-B6BE-2DE01B401E61}.Release|x64.Build.0 = Release|x64
		{AD6335FB-8939-3B25-B6BE-2DE01B401E61}.MinSizeRel|x64.ActiveCfg = MinSizeRel|x64
		{AD6335FB-8939-3B25-B6BE-2DE01B401E61}.MinSizeRel|x64.Build.0 = MinSizeRel|x64
		{AD6335FB-8939-3B25-B6BE-2DE01B401E61}.RelWithDebInfo|x64.ActiveCfg = RelWithDebInfo|x64
		{AD6335FB-8939-3B25-B6BE-2DE01B401E61}.RelWithDebInfo|x64.Build.0 = RelWithDebInfo|x64
		{8E48DCF0-D874-3FE0-899A-1087C64A655B}.Debug|x64.ActiveCfg = Debug|x64
		{8E48DCF0-D874-3FE0-899A-1087C64A655B}.Debug|x64.Build.0 = Debug|x64
		{8E48DCF0-D874-3FE0-899A-1087C64A655B}.Release|x64.ActiveCfg = Release|x64
		{8E48DCF0-D874-3FE0-899A-1087C64A655B}.Release|x64.Build.0 = Release|x64
		{8E48DCF0-D874-3FE0-899A-1087C64A655B}.MinSizeRel|x64.ActiveCfg = MinSizeRel|x64
		{8E48DCF0-D874-3FE0-899A-1087C64A655B}.MinSizeRel|x64.Build.0 = MinSizeRel|x64
		{8E48DCF0-D874-3FE0-899A-1087C64A655B}.RelWithDebInfo|x64.ActiveCfg = RelWithDebInfo|x64
		{8E48DCF0-D874-3FE0-899A-1087C64A655B}.RelWithDebInfo|x64.Build.0 = RelWithDebInfo|x64
		{28C57237-53E6-3B6E-9452-371EA9C16D95}.Debug|x64.ActiveCfg = Debug|x64
		{28C57237-53E6-3B6E-9452-371EA9C16D95}.Debug|x64.Build.0 = Debug|x64
		{28C57237-53E6-3B6E-9452-371EA9C16D95}.Release|x64.ActiveCfg = Release|x64
		{28C57237-53E6-3B6E-9452-371EA9C16D95}.Release|x64.Build.0 = Release|x64
		{28C57237-53E6-3B6E-9452-371EA9C16D95}.MinSizeRel|x64.ActiveCfg = MinSizeRel|x64
		{28C57237-53E6-3B6E-9452-371EA9C16D95}.MinSizeRel|x64.Build.0 = MinSizeRel|x64
		{28C57237-53E6-3B6E-9452-371EA9C16D95}.RelWithDebInfo|x64.ActiveCfg = RelWithDebInfo|x64
		{28C57237-53E6-3B6E-9452-371EA9C16D95}.RelWithDebInfo|x64.Build.0 = RelWithDebInfo|x64
		{3187EAC8-114B-38B7-A5F0-B4C39025F746}.Debug|x64.ActiveCfg = Debug|x64
		{3187EAC8-114B-38B7-A5F0-B4C39025F746}.Debug|x64.Build.0 = Debug|x64
		{3187EAC8-114B-38B7-A5F0-B4C39025F746}.Release|x64.ActiveCfg = Release|x64
		{3187EAC8-114B-38B7-A5F0-B4C39025F746}.Release|x64.Build.0 = Release|x64
		{3187EAC8-114B-38B7-A5F0-B4C39025F746}.MinSizeRel|x64.ActiveCfg = MinSizeRel|x64
		{3187EAC8-114B-38B7-A5F0-B4C39025F746}.MinSizeRel|x64.Build.0 = MinSizeRel|x64
		{3187EAC8-114B-38B7-A5F0-B4C39025F746}.RelWithDebInfo|x64.ActiveCfg = RelWithDebInfo|x64
		{3187EAC8-114B-38B7-A5F0-B4C39025F746}.RelWithDebInfo|x64.Build.0 = RelWithDebInfo|x64
		{B537051D-9DE4-3C4F-9CD1-201B8F6795CF}.Debug|x64.ActiveCfg = Debug|x64
		{B537051D-9DE4-3C4F-9CD1-201B8F6795CF}.Debug|x64.Build.0 = Debug|x64
		{B537051D-9DE4-3C4F-9CD1-201B8F6795CF}.Release|x64.ActiveCfg = Release|x64
		{B537051D-9DE4-3C4F-9CD1-201B8F6795CF}.Release|x64.Build.0 = Release|x64
		{B537051D-9DE4-3C4F-9CD1-201B8F6795CF}.MinSizeRel|x64.ActiveCfg = MinSizeRel|x64
		{B537051D-9DE4-3C4F-9CD1-201B8F6795CF}.MinSizeRel|x64.Build.0 = MinSizeRel|x64
		{B537051D-9DE4-3C4F-9CD1-201B8F6795CF}.RelWithDebInfo|x64.ActiveCfg = RelWithDebInfo|x64
		{B537051D-9DE4-3C4F-9CD1-201B8F6795CF}.RelWithDebInfo|x64.Build.0 = RelWithDebInfo|x64
		{E0A77CFA-92F5-32A7-B720-C495935D9389}.Debug|x64.ActiveCfg = Debug|x64
		{E0A77CFA-92F5-32A7-B720-C495935D9389}.Debug|x64.Build.0 = Debug|x64
		{E0A77CFA-92F5-32A7-B720-C495935D9389}.Release|x64.ActiveCfg = Release|x64
		{E0A77CFA-92F5-32A7-B720-C495935D9389}.Release|x64.Build.0 = Release|x64
		{E0A77CFA-92F5-32A7-B720-C495935D9389}.MinSizeRel|x64.ActiveCfg = MinSizeRel|x64
		{E0A77CFA-92F5-32A7-B720-C495935D9389}.MinSizeRel|x64.Build.0 = MinSizeRel|x64
		{E0A77CFA-92F5-32A7-B720-C495935D9389}.RelWithDebInfo|x64.ActiveCfg = RelWithDebInfo|x64
		{E0A77CFA-92F5-32A7-B720-C495935D9389}.RelWithDebInfo|x64.Build.0 = RelWithDebInfo|x64
		{E3850279-48AC-303D-9C97-9F1A4B378A0C}.Debug|x64.ActiveCfg = Debug|x64
		{E3850279-48AC-303D-9C97-9F1A4B378A0C}.Debug|x64.Build.0 = Debug|x64
		{E3850279-48AC-303D-9C97-9F1A4B378A0C}.Release|x64.ActiveCfg = Release|x64
		{E3850279-48AC-303D-9C97-9F1A4B378A0C}.Release|x64.Build.0 = Release|x64
		{E3850279-48AC-303D-9C97-9F1A4B378A0C}.MinSizeRel|x64.ActiveCfg = MinSizeRel|x64
		{E3850279-48AC-303D-9C97-9F1A4B378A0C}.MinSizeRel|x64.Build.0 = MinSizeRel|x64
		{E3850279-48AC-303D-9C97-9F1A4B378A0C}.RelWithDebInfo|x64.ActiveCfg = RelWithDebInfo|x64
		{E3850279-48AC-303D-9C97-9F1A4B378A0C}.RelWithDebInfo|x64.Build.0 = RelWithDebInfo|x64
	EndGlobalSection
	GlobalSection(ExtensibilityGlobals) = postSolution
		SolutionGuid = {07711660-BE72-3DC4-8EFD-35D27E4DB3B9}
	EndGlobalSection
	GlobalSection(ExtensibilityAddIns) = postSolution
	EndGlobalSection
EndGlobal
