<?xml version="1.0" encoding="UTF-8"?>
<Solution>
	<Configurations>
		<BuildType Name="Debug"/>
		<BuildType Name="Release"/>
		<BuildType Name="MinSizeRel"/>
		<BuildType Name="RelWithDebInfo"/>
		<Platform Name="x64"/>
	</Configurations>
	<Project Path="ALL_BUILD.vcxproj" Type="8bc9ceb8-8b4a-11d0-8d11-00a0c91bc942" Id="388d3276-4593-35b0-88c3-97ee3584431c" DefaultStartup="true">
		<BuildDependency Project="ZERO_CHECK.vcxproj"/>
		<BuildDependency Project="niyah.vcxproj"/>
		<BuildDependency Project="niyah_backward_test.vcxproj"/>
		<BuildDependency Project="niyah_baseline_test.vcxproj"/>
		<BuildDependency Project="niyah_checkpoint_model_only_test.vcxproj"/>
		<BuildDependency Project="niyah_checkpoint_test.vcxproj"/>
		<BuildDependency Project="niyah_cli.vcxproj"/>
		<BuildDependency Project="niyah_dataset_collection_test.vcxproj"/>
		<BuildDependency Project="niyah_dataset_shard_test.vcxproj"/>
		<BuildDependency Project="niyah_dataset_test.vcxproj"/>
		<BuildDependency Project="niyah_decode_test.vcxproj"/>
		<BuildDependency Project="niyah_eval_test.vcxproj"/>
		<BuildDependency Project="niyah_generation_test.vcxproj"/>
		<BuildDependency Project="niyah_model_test.vcxproj"/>
		<BuildDependency Project="niyah_optimizer_test.vcxproj"/>
		<BuildDependency Project="niyah_probe.vcxproj"/>
		<BuildDependency Project="niyah_segment_embeddings_test.vcxproj"/>
		<BuildDependency Project="niyah_text_pipeline_test.vcxproj"/>
		<BuildDependency Project="niyah_tokenizer_test.vcxproj"/>
		<BuildDependency Project="niyah_train.vcxproj"/>
		<BuildDependency Project="niyah_train_test.vcxproj"/>
		<BuildDependency Project="niyah_training_fixture.vcxproj"/>
		<BuildDependency Project="niyah_training_loop_test.vcxproj"/>
		<BuildDependency Project="niyah_transformer_test.vcxproj"/>
	</Project>
	<Project Path="INSTALL.vcxproj" Type="8bc9ceb8-8b4a-11d0-8d11-00a0c91bc942" Id="ad4264b3-34aa-327b-8b08-3d2adfb1d061">
		<BuildDependency Project="ALL_BUILD.vcxproj"/>
		<BuildDependency Project="ZERO_CHECK.vcxproj"/>
		<Build Solution="Debug|*" Project="false"/>
		<Build Solution="Release|*" Project="false"/>
		<Build Solution="MinSizeRel|*" Project="false"/>
		<Build Solution="RelWithDebInfo|*" Project="false"/>
	</Project>
	<Project Path="PACKAGE.vcxproj" Type="8bc9ceb8-8b4a-11d0-8d11-00a0c91bc942" Id="d35e41df-1f37-36e3-a9b9-855591831658">
		<BuildDependency Project="ALL_BUILD.vcxproj"/>
		<BuildDependency Project="ZERO_CHECK.vcxproj"/>
		<Build Solution="Debug|*" Project="false"/>
		<Build Solution="Release|*" Project="false"/>
		<Build Solution="MinSizeRel|*" Project="false"/>
		<Build Solution="RelWithDebInfo|*" Project="false"/>
	</Project>
	<Project Path="RUN_TESTS.vcxproj" Type="8bc9ceb8-8b4a-11d0-8d11-00a0c91bc942" Id="7c01a02c-adea-389e-86dd-4f5bc4c13e46">
		<BuildDependency Project="ZERO_CHECK.vcxproj"/>
		<Build Solution="Debug|*" Project="false"/>
		<Build Solution="Release|*" Project="false"/>
		<Build Solution="MinSizeRel|*" Project="false"/>
		<Build Solution="RelWithDebInfo|*" Project="false"/>
	</Project>
	<Project Path="ZERO_CHECK.vcxproj" Type="8bc9ceb8-8b4a-11d0-8d11-00a0c91bc942" Id="c1cf7db0-4253-3f37-8ab1-a64a38235783"/>
	<Project Path="niyah.vcxproj" Type="8bc9ceb8-8b4a-11d0-8d11-00a0c91bc942" Id="303b4ad1-15ca-30fc-888c-4d901dbb8aff">
		<BuildDependency Project="ZERO_CHECK.vcxproj"/>
	</Project>
	<Project Path="niyah_backward_test.vcxproj" Type="8bc9ceb8-8b4a-11d0-8d11-00a0c91bc942" Id="78a06a74-0d75-3814-8340-7a007e99f658">
		<BuildDependency Project="ZERO_CHECK.vcxproj"/>
		<BuildDependency Project="niyah.vcxproj"/>
	</Project>
	<Project Path="niyah_baseline_test.vcxproj" Type="8bc9ceb8-8b4a-11d0-8d11-00a0c91bc942" Id="2fe516e7-7830-3216-9a46-e2e838b96975">
		<BuildDependency Project="ZERO_CHECK.vcxproj"/>
		<BuildDependency Project="niyah.vcxproj"/>
	</Project>
	<Project Path="niyah_checkpoint_model_only_test.vcxproj" Type="8bc9ceb8-8b4a-11d0-8d11-00a0c91bc942" Id="5be06f4b-a87b-3d1e-adff-1cf496b2ad18">
		<BuildDependency Project="ZERO_CHECK.vcxproj"/>
		<BuildDependency Project="niyah.vcxproj"/>
	</Project>
	<Project Path="niyah_checkpoint_test.vcxproj" Type="8bc9ceb8-8b4a-11d0-8d11-00a0c91bc942" Id="d82d1c3e-c54e-3b61-bf67-382a461410bb">
		<BuildDependency Project="ZERO_CHECK.vcxproj"/>
		<BuildDependency Project="niyah.vcxproj"/>
	</Project>
	<Project Path="niyah_cli.vcxproj" Type="8bc9ceb8-8b4a-11d0-8d11-00a0c91bc942" Id="cbfacac9-e34d-3a13-a1ea-525aa9997ec5">
		<BuildDependency Project="ZERO_CHECK.vcxproj"/>
		<BuildDependency Project="niyah.vcxproj"/>
	</Project>
	<Project Path="niyah_dataset_collection_test.vcxproj" Type="8bc9ceb8-8b4a-11d0-8d11-00a0c91bc942" Id="015d3165-6e85-3ade-a355-a79470ebd2e0">
		<BuildDependency Project="ZERO_CHECK.vcxproj"/>
		<BuildDependency Project="niyah.vcxproj"/>
	</Project>
	<Project Path="niyah_dataset_shard_test.vcxproj" Type="8bc9ceb8-8b4a-11d0-8d11-00a0c91bc942" Id="b9f57a5e-f907-3c73-87aa-bd06b78b03f4">
		<BuildDependency Project="ZERO_CHECK.vcxproj"/>
		<BuildDependency Project="niyah.vcxproj"/>
	</Project>
	<Project Path="niyah_dataset_test.vcxproj" Type="8bc9ceb8-8b4a-11d0-8d11-00a0c91bc942" Id="76e2a622-9e1e-3fe1-a9cd-4fbe9bdbd3d1">
		<BuildDependency Project="ZERO_CHECK.vcxproj"/>
		<BuildDependency Project="niyah.vcxproj"/>
	</Project>
	<Project Path="niyah_decode_test.vcxproj" Type="8bc9ceb8-8b4a-11d0-8d11-00a0c91bc942" Id="c437a8a9-c11b-38b5-ab37-fa8e4ad56ea7">
		<BuildDependency Project="ZERO_CHECK.vcxproj"/>
		<BuildDependency Project="niyah.vcxproj"/>
	</Project>
	<Project Path="niyah_eval_test.vcxproj" Type="8bc9ceb8-8b4a-11d0-8d11-00a0c91bc942" Id="dea7488c-0600-38c0-b343-bd7bdc2e789a">
		<BuildDependency Project="ZERO_CHECK.vcxproj"/>
		<BuildDependency Project="niyah.vcxproj"/>
	</Project>
	<Project Path="niyah_generation_test.vcxproj" Type="8bc9ceb8-8b4a-11d0-8d11-00a0c91bc942" Id="f2a55249-356c-3a17-b00a-4c978ab6777f">
		<BuildDependency Project="ZERO_CHECK.vcxproj"/>
		<BuildDependency Project="niyah.vcxproj"/>
	</Project>
	<Project Path="niyah_model_test.vcxproj" Type="8bc9ceb8-8b4a-11d0-8d11-00a0c91bc942" Id="0a47f830-7a87-3420-8728-7ff23784b4ea">
		<BuildDependency Project="ZERO_CHECK.vcxproj"/>
		<BuildDependency Project="niyah.vcxproj"/>
	</Project>
	<Project Path="niyah_optimizer_test.vcxproj" Type="8bc9ceb8-8b4a-11d0-8d11-00a0c91bc942" Id="e450ad93-74bd-31e9-bc53-504af516de58">
		<BuildDependency Project="ZERO_CHECK.vcxproj"/>
		<BuildDependency Project="niyah.vcxproj"/>
	</Project>
	<Project Path="niyah_probe.vcxproj" Type="8bc9ceb8-8b4a-11d0-8d11-00a0c91bc942" Id="9c13ff21-ecd6-335b-b056-6e8539d7792c">
		<BuildDependency Project="ZERO_CHECK.vcxproj"/>
		<BuildDependency Project="niyah.vcxproj"/>
	</Project>
	<Project Path="niyah_segment_embeddings_test.vcxproj" Type="8bc9ceb8-8b4a-11d0-8d11-00a0c91bc942" Id="60280fdb-3fac-3b49-9e32-32bad0d27de7">
		<BuildDependency Project="ZERO_CHECK.vcxproj"/>
		<BuildDependency Project="niyah.vcxproj"/>
	</Project>
	<Project Path="niyah_text_pipeline_test.vcxproj" Type="8bc9ceb8-8b4a-11d0-8d11-00a0c91bc942" Id="ea3e8f54-2e2d-360c-844c-d1d4e7be874f">
		<BuildDependency Project="ZERO_CHECK.vcxproj"/>
		<BuildDependency Project="niyah.vcxproj"/>
	</Project>
	<Project Path="niyah_tokenizer_test.vcxproj" Type="8bc9ceb8-8b4a-11d0-8d11-00a0c91bc942" Id="0a169305-2c40-3487-8c20-d1abcefd8c43">
		<BuildDependency Project="ZERO_CHECK.vcxproj"/>
		<BuildDependency Project="niyah.vcxproj"/>
	</Project>
	<Project Path="niyah_train.vcxproj" Type="8bc9ceb8-8b4a-11d0-8d11-00a0c91bc942" Id="02b162a9-cf27-30ff-974f-beb449439d42">
		<BuildDependency Project="ZERO_CHECK.vcxproj"/>
		<BuildDependency Project="niyah.vcxproj"/>
	</Project>
	<Project Path="niyah_train_test.vcxproj" Type="8bc9ceb8-8b4a-11d0-8d11-00a0c91bc942" Id="eae23030-fad5-3cf6-bb6d-87c931479c2b">
		<BuildDependency Project="ZERO_CHECK.vcxproj"/>
		<BuildDependency Project="niyah.vcxproj"/>
	</Project>
	<Project Path="niyah_training_fixture.vcxproj" Type="8bc9ceb8-8b4a-11d0-8d11-00a0c91bc942" Id="52838894-68e9-355c-aa2a-d3ef6d11e78e">
		<BuildDependency Project="ZERO_CHECK.vcxproj"/>
		<BuildDependency Project="niyah.vcxproj"/>
	</Project>
	<Project Path="niyah_training_loop_test.vcxproj" Type="8bc9ceb8-8b4a-11d0-8d11-00a0c91bc942" Id="5b78de23-074d-3616-bde4-1416f78c88b5">
		<BuildDependency Project="ZERO_CHECK.vcxproj"/>
		<BuildDependency Project="niyah.vcxproj"/>
	</Project>
	<Project Path="niyah_transformer_test.vcxproj" Type="8bc9ceb8-8b4a-11d0-8d11-00a0c91bc942" Id="df5b13e2-46d5-370a-915f-f514f3811943">
		<BuildDependency Project="ZERO_CHECK.vcxproj"/>
		<BuildDependency Project="niyah.vcxproj"/>
	</Project>
</Solution>
