<?xml version="1.0" encoding="UTF-8"?>
<Solution>
	<Configurations>
		<BuildType Name="Debug"/>
		<BuildType Name="Release"/>
		<BuildType Name="MinSizeRel"/>
		<BuildType Name="RelWithDebInfo"/>
		<Platform Name="x64"/>
	</Configurations>
	<Project Path="ALL_BUILD.vcxproj" Type="8bc9ceb8-8b4a-11d0-8d11-00a0c91bc942" Id="e038c8ef-2d6b-3fe1-a9cb-c62df8804284" DefaultStartup="true">
		<BuildDependency Project="ZERO_CHECK.vcxproj"/>
		<BuildDependency Project="niyah.vcxproj"/>
		<BuildDependency Project="niyah_backward_test.vcxproj"/>
		<BuildDependency Project="niyah_baseline_test.vcxproj"/>
		<BuildDependency Project="niyah_checkpoint_model_only_test.vcxproj"/>
		<BuildDependency Project="niyah_checkpoint_test.vcxproj"/>
		<BuildDependency Project="niyah_cli.vcxproj"/>
		<BuildDependency Project="niyah_dataset_collection_test.vcxproj"/>
		<BuildDependency Project="niyah_dataset_shard_test.vcxproj"/>
		<BuildDependency Project="niyah_dataset_test.vcxproj"/>
		<BuildDependency Project="niyah_decode_test.vcxproj"/>
		<BuildDependency Project="niyah_eval_test.vcxproj"/>
		<BuildDependency Project="niyah_generation_test.vcxproj"/>
		<BuildDependency Project="niyah_lr_schedule_test.vcxproj"/>
		<BuildDependency Project="niyah_model_test.vcxproj"/>
		<BuildDependency Project="niyah_optimizer_test.vcxproj"/>
		<BuildDependency Project="niyah_probe.vcxproj"/>
		<BuildDependency Project="niyah_segment_embeddings_test.vcxproj"/>
		<BuildDependency Project="niyah_text_pipeline_test.vcxproj"/>
		<BuildDependency Project="niyah_tokenizer_test.vcxproj"/>
		<BuildDependency Project="niyah_train.vcxproj"/>
		<BuildDependency Project="niyah_train_test.vcxproj"/>
		<BuildDependency Project="niyah_training_fixture.vcxproj"/>
		<BuildDependency Project="niyah_training_loop_test.vcxproj"/>
		<BuildDependency Project="niyah_transformer_test.vcxproj"/>
	</Project>
	<Project Path="INSTALL.vcxproj" Type="8bc9ceb8-8b4a-11d0-8d11-00a0c91bc942" Id="a4415b85-b911-3622-be73-476364b32660">
		<BuildDependency Project="ALL_BUILD.vcxproj"/>
		<BuildDependency Project="ZERO_CHECK.vcxproj"/>
		<Build Solution="Debug|*" Project="false"/>
		<Build Solution="Release|*" Project="false"/>
		<Build Solution="MinSizeRel|*" Project="false"/>
		<Build Solution="RelWithDebInfo|*" Project="false"/>
	</Project>
	<Project Path="PACKAGE.vcxproj" Type="8bc9ceb8-8b4a-11d0-8d11-00a0c91bc942" Id="23b20107-b6fb-3979-96a2-da1b928356bc">
		<BuildDependency Project="ALL_BUILD.vcxproj"/>
		<BuildDependency Project="ZERO_CHECK.vcxproj"/>
		<Build Solution="Debug|*" Project="false"/>
		<Build Solution="Release|*" Project="false"/>
		<Build Solution="MinSizeRel|*" Project="false"/>
		<Build Solution="RelWithDebInfo|*" Project="false"/>
	</Project>
	<Project Path="RUN_TESTS.vcxproj" Type="8bc9ceb8-8b4a-11d0-8d11-00a0c91bc942" Id="2069fdac-1707-3025-b1a5-1ca15c4fa5e2">
		<BuildDependency Project="ZERO_CHECK.vcxproj"/>
		<Build Solution="Debug|*" Project="false"/>
		<Build Solution="Release|*" Project="false"/>
		<Build Solution="MinSizeRel|*" Project="false"/>
		<Build Solution="RelWithDebInfo|*" Project="false"/>
	</Project>
	<Project Path="ZERO_CHECK.vcxproj" Type="8bc9ceb8-8b4a-11d0-8d11-00a0c91bc942" Id="9f69e8df-24f1-3c7d-9516-2f0946e38355"/>
	<Project Path="niyah.vcxproj" Type="8bc9ceb8-8b4a-11d0-8d11-00a0c91bc942" Id="6594ed4c-32a4-30a7-80e5-a47b0d338762">
		<BuildDependency Project="ZERO_CHECK.vcxproj"/>
	</Project>
	<Project Path="niyah_backward_test.vcxproj" Type="8bc9ceb8-8b4a-11d0-8d11-00a0c91bc942" Id="68c480b5-9d46-303c-90c7-d1d9fa5d7cc3">
		<BuildDependency Project="ZERO_CHECK.vcxproj"/>
		<BuildDependency Project="niyah.vcxproj"/>
	</Project>
	<Project Path="niyah_baseline_test.vcxproj" Type="8bc9ceb8-8b4a-11d0-8d11-00a0c91bc942" Id="31972d69-5d2f-39e5-8fdb-21af5e88500b">
		<BuildDependency Project="ZERO_CHECK.vcxproj"/>
		<BuildDependency Project="niyah.vcxproj"/>
	</Project>
	<Project Path="niyah_checkpoint_model_only_test.vcxproj" Type="8bc9ceb8-8b4a-11d0-8d11-00a0c91bc942" Id="2757eaf4-7bef-3852-a0e4-94f5d2576e4e">
		<BuildDependency Project="ZERO_CHECK.vcxproj"/>
		<BuildDependency Project="niyah.vcxproj"/>
	</Project>
	<Project Path="niyah_checkpoint_test.vcxproj" Type="8bc9ceb8-8b4a-11d0-8d11-00a0c91bc942" Id="7a327fdf-45e3-3adf-8e36-05866ad49c2e">
		<BuildDependency Project="ZERO_CHECK.vcxproj"/>
		<BuildDependency Project="niyah.vcxproj"/>
	</Project>
	<Project Path="niyah_cli.vcxproj" Type="8bc9ceb8-8b4a-11d0-8d11-00a0c91bc942" Id="d384b922-1c83-3037-b2c7-9015bf67baf7">
		<BuildDependency Project="ZERO_CHECK.vcxproj"/>
		<BuildDependency Project="niyah.vcxproj"/>
	</Project>
	<Project Path="niyah_dataset_collection_test.vcxproj" Type="8bc9ceb8-8b4a-11d0-8d11-00a0c91bc942" Id="ab4a0fce-b745-399f-9648-67b20f07991e">
		<BuildDependency Project="ZERO_CHECK.vcxproj"/>
		<BuildDependency Project="niyah.vcxproj"/>
	</Project>
	<Project Path="niyah_dataset_shard_test.vcxproj" Type="8bc9ceb8-8b4a-11d0-8d11-00a0c91bc942" Id="9e249250-410a-3d47-a078-64870665b9fa">
		<BuildDependency Project="ZERO_CHECK.vcxproj"/>
		<BuildDependency Project="niyah.vcxproj"/>
	</Project>
	<Project Path="niyah_dataset_test.vcxproj" Type="8bc9ceb8-8b4a-11d0-8d11-00a0c91bc942" Id="cbe8aac5-1124-31fe-a1f9-430bbe5aeb6a">
		<BuildDependency Project="ZERO_CHECK.vcxproj"/>
		<BuildDependency Project="niyah.vcxproj"/>
	</Project>
	<Project Path="niyah_decode_test.vcxproj" Type="8bc9ceb8-8b4a-11d0-8d11-00a0c91bc942" Id="8c4464cc-26c6-32fb-92a3-1122eb0f797f">
		<BuildDependency Project="ZERO_CHECK.vcxproj"/>
		<BuildDependency Project="niyah.vcxproj"/>
	</Project>
	<Project Path="niyah_eval_test.vcxproj" Type="8bc9ceb8-8b4a-11d0-8d11-00a0c91bc942" Id="0aaebe5d-a4a5-3d74-9028-727e2fccdcda">
		<BuildDependency Project="ZERO_CHECK.vcxproj"/>
		<BuildDependency Project="niyah.vcxproj"/>
	</Project>
	<Project Path="niyah_generation_test.vcxproj" Type="8bc9ceb8-8b4a-11d0-8d11-00a0c91bc942" Id="128c3ab4-eeec-3474-9df0-66065e27d6c1">
		<BuildDependency Project="ZERO_CHECK.vcxproj"/>
		<BuildDependency Project="niyah.vcxproj"/>
	</Project>
	<Project Path="niyah_lr_schedule_test.vcxproj" Type="8bc9ceb8-8b4a-11d0-8d11-00a0c91bc942" Id="06174225-f3fb-3670-b2bb-97f7213ea624">
		<BuildDependency Project="ZERO_CHECK.vcxproj"/>
		<BuildDependency Project="niyah.vcxproj"/>
	</Project>
	<Project Path="niyah_model_test.vcxproj" Type="8bc9ceb8-8b4a-11d0-8d11-00a0c91bc942" Id="6d31eb2d-02b4-3a6d-ada2-673c6d23d49a">
		<BuildDependency Project="ZERO_CHECK.vcxproj"/>
		<BuildDependency Project="niyah.vcxproj"/>
	</Project>
	<Project Path="niyah_optimizer_test.vcxproj" Type="8bc9ceb8-8b4a-11d0-8d11-00a0c91bc942" Id="8c83c520-43b3-3673-99d2-c240381ee06d">
		<BuildDependency Project="ZERO_CHECK.vcxproj"/>
		<BuildDependency Project="niyah.vcxproj"/>
	</Project>
	<Project Path="niyah_probe.vcxproj" Type="8bc9ceb8-8b4a-11d0-8d11-00a0c91bc942" Id="73ac5aa3-e0f8-33db-b1cf-93483a685923">
		<BuildDependency Project="ZERO_CHECK.vcxproj"/>
		<BuildDependency Project="niyah.vcxproj"/>
	</Project>
	<Project Path="niyah_segment_embeddings_test.vcxproj" Type="8bc9ceb8-8b4a-11d0-8d11-00a0c91bc942" Id="041d05eb-1b47-36aa-94e2-50eb051d362b">
		<BuildDependency Project="ZERO_CHECK.vcxproj"/>
		<BuildDependency Project="niyah.vcxproj"/>
	</Project>
	<Project Path="niyah_text_pipeline_test.vcxproj" Type="8bc9ceb8-8b4a-11d0-8d11-00a0c91bc942" Id="fd2869f7-decd-34fd-addc-70b058e682e0">
		<BuildDependency Project="ZERO_CHECK.vcxproj"/>
		<BuildDependency Project="niyah.vcxproj"/>
	</Project>
	<Project Path="niyah_tokenizer_test.vcxproj" Type="8bc9ceb8-8b4a-11d0-8d11-00a0c91bc942" Id="8992c744-23f0-3468-8970-4c62ef1c5070">
		<BuildDependency Project="ZERO_CHECK.vcxproj"/>
		<BuildDependency Project="niyah.vcxproj"/>
	</Project>
	<Project Path="niyah_train.vcxproj" Type="8bc9ceb8-8b4a-11d0-8d11-00a0c91bc942" Id="4cb3d34f-0095-327d-a718-e95e83a8eabb">
		<BuildDependency Project="ZERO_CHECK.vcxproj"/>
		<BuildDependency Project="niyah.vcxproj"/>
	</Project>
	<Project Path="niyah_train_test.vcxproj" Type="8bc9ceb8-8b4a-11d0-8d11-00a0c91bc942" Id="cdc38e6e-bc47-304d-94a3-3f3c0c4bc8e8">
		<BuildDependency Project="ZERO_CHECK.vcxproj"/>
		<BuildDependency Project="niyah.vcxproj"/>
	</Project>
	<Project Path="niyah_training_fixture.vcxproj" Type="8bc9ceb8-8b4a-11d0-8d11-00a0c91bc942" Id="0276ab67-897b-3853-a999-b92fd9cd6e24">
		<BuildDependency Project="ZERO_CHECK.vcxproj"/>
		<BuildDependency Project="niyah.vcxproj"/>
	</Project>
	<Project Path="niyah_training_loop_test.vcxproj" Type="8bc9ceb8-8b4a-11d0-8d11-00a0c91bc942" Id="8076627c-6a7a-33ea-a7c5-4eca5d727d1c">
		<BuildDependency Project="ZERO_CHECK.vcxproj"/>
		<BuildDependency Project="niyah.vcxproj"/>
	</Project>
	<Project Path="niyah_transformer_test.vcxproj" Type="8bc9ceb8-8b4a-11d0-8d11-00a0c91bc942" Id="c3ca0b20-77ab-3700-bf39-d583fc4f7d70">
		<BuildDependency Project="ZERO_CHECK.vcxproj"/>
		<BuildDependency Project="niyah.vcxproj"/>
	</Project>
</Solution>
