
Microsoft Visual Studio Solution File, Format Version 12.00
# Visual Studio Version 17
Project("{8BC9CEB8-8B4A-11D0-8D11-00A0C91BC942}") = "ALL_BUILD", "ALL_BUILD.vcxproj", "{B978ED7A-E9CB-3BBF-B9E6-02339C1DF324}"
	ProjectSection(ProjectDependencies) = postProject
		{6C0B34BC-E521-3EAC-A7FF-71E0E3B5D5E5} = {6C0B34BC-E521-3EAC-A7FF-71E0E3B5D5E5}
		{9DB3278F-7F11-3CC8-BC7D-0AF4D2B572EF} = {9DB3278F-7F11-3CC8-BC7D-0AF4D2B572EF}
		{47A0C669-7E06-31C7-8165-BBB9492600AC} = {47A0C669-7E06-31C7-8165-BBB9492600AC}
		{983D7A63-05AE-3C54-9251-F4C8C0B60656} = {983D7A63-05AE-3C54-9251-F4C8C0B60656}
		{76026D9F-F179-39F0-8CEB-A85B3802E1BD} = {76026D9F-F179-39F0-8CEB-A85B3802E1BD}
		{397B38F4-D732-3C02-99A4-040680C6513B} = {397B38F4-D732-3C02-99A4-040680C6513B}
		{18CC7DF9-9B9A-3371-81F8-2431E842AB5E} = {18CC7DF9-9B9A-3371-81F8-2431E842AB5E}
		{8290BCC9-301B-3605-AC87-0BB5524CADC5} = {8290BCC9-301B-3605-AC87-0BB5524CADC5}
		{A5C200ED-A72D-3CD0-9434-804874D6B8E3} = {A5C200ED-A72D-3CD0-9434-804874D6B8E3}
		{F9A7750D-8EC1-35C6-811F-49E732025B49} = {F9A7750D-8EC1-35C6-811F-49E732025B49}
		{0C947E37-D2DE-37BE-80D0-23562788513F} = {0C947E37-D2DE-37BE-80D0-23562788513F}
		{89C07549-E853-3654-B22B-531F2E84CAEB} = {89C07549-E853-3654-B22B-531F2E84CAEB}
		{7F0F3C7A-73C0-3032-8CAB-8240170EACEE} = {7F0F3C7A-73C0-3032-8CAB-8240170EACEE}
		{AD73565B-B00A-3AA3-BBD6-D133F24F98CD} = {AD73565B-B00A-3AA3-BBD6-D133F24F98CD}
		{35560A8C-AAAD-346F-B9EE-984A89A0B725} = {35560A8C-AAAD-346F-B9EE-984A89A0B725}
		{F47E891A-9732-3367-BA40-C807D2397EC8} = {F47E891A-9732-3367-BA40-C807D2397EC8}
		{C95E6A5E-9201-3405-8A9B-F3A78178D8EA} = {C95E6A5E-9201-3405-8A9B-F3A78178D8EA}
		{70F86A74-02A5-3E0F-B17D-B987BAF810C2} = {70F86A74-02A5-3E0F-B17D-B987BAF810C2}
		{A3A2864E-ED65-3F28-A489-90B58EE83815} = {A3A2864E-ED65-3F28-A489-90B58EE83815}
		{4BB0EAC5-5D12-3871-9711-3B1A8A081BB9} = {4BB0EAC5-5D12-3871-9711-3B1A8A081BB9}
		{571F302F-6ED0-3705-A0FE-8F2D4BEE1582} = {571F302F-6ED0-3705-A0FE-8F2D4BEE1582}
		{420AEA24-7CCE-3744-9F3F-154C31342167} = {420AEA24-7CCE-3744-9F3F-154C31342167}
		{55B0514A-ABD8-35A8-8DF1-DC8A9F63FAA7} = {55B0514A-ABD8-35A8-8DF1-DC8A9F63FAA7}
		{57BA843C-2FB9-3D87-9F2B-ED8527DCFEC0} = {57BA843C-2FB9-3D87-9F2B-ED8527DCFEC0}
		{2AA03D69-9595-3128-A39D-C9C610ABA80C} = {2AA03D69-9595-3128-A39D-C9C610ABA80C}
		{91BF4E62-40B6-39DD-B158-62746253DD55} = {91BF4E62-40B6-39DD-B158-62746253DD55}
		{963C8FB2-7EF4-31F3-A33B-250A2A73EA21} = {963C8FB2-7EF4-31F3-A33B-250A2A73EA21}
		{37DECD64-8A8A-38D9-9B44-F258D161CD77} = {37DECD64-8A8A-38D9-9B44-F258D161CD77}
		{449E74F7-50B4-3729-93C1-03BA7AD2E049} = {449E74F7-50B4-3729-93C1-03BA7AD2E049}
	EndProjectSection
EndProject
Project("{8BC9CEB8-8B4A-11D0-8D11-00A0C91BC942}") = "RUN_TESTS", "RUN_TESTS.vcxproj", "{98ECCE49-DB5C-3BF2-B519-2D6B52E67C13}"
	ProjectSection(ProjectDependencies) = postProject
		{6C0B34BC-E521-3EAC-A7FF-71E0E3B5D5E5} = {6C0B34BC-E521-3EAC-A7FF-71E0E3B5D5E5}
	EndProjectSection
EndProject
Project("{8BC9CEB8-8B4A-11D0-8D11-00A0C91BC942}") = "ZERO_CHECK", "ZERO_CHECK.vcxproj", "{6C0B34BC-E521-3EAC-A7FF-71E0E3B5D5E5}"
	ProjectSection(ProjectDependencies) = postProject
	EndProjectSection
EndProject
Project("{8BC9CEB8-8B4A-11D0-8D11-00A0C91BC942}") = "niyah", "niyah.vcxproj", "{9DB3278F-7F11-3CC8-BC7D-0AF4D2B572EF}"
	ProjectSection(ProjectDependencies) = postProject
		{6C0B34BC-E521-3EAC-A7FF-71E0E3B5D5E5} = {6C0B34BC-E521-3EAC-A7FF-71E0E3B5D5E5}
	EndProjectSection
EndProject
Project("{8BC9CEB8-8B4A-11D0-8D11-00A0C91BC942}") = "niyah_backward_test", "niyah_backward_test.vcxproj", "{47A0C669-7E06-31C7-8165-BBB9492600AC}"
	ProjectSection(ProjectDependencies) = postProject
		{6C0B34BC-E521-3EAC-A7FF-71E0E3B5D5E5} = {6C0B34BC-E521-3EAC-A7FF-71E0E3B5D5E5}
		{9DB3278F-7F11-3CC8-BC7D-0AF4D2B572EF} = {9DB3278F-7F11-3CC8-BC7D-0AF4D2B572EF}
	EndProjectSection
EndProject
Project("{8BC9CEB8-8B4A-11D0-8D11-00A0C91BC942}") = "niyah_checkpoint_test", "niyah_checkpoint_test.vcxproj", "{983D7A63-05AE-3C54-9251-F4C8C0B60656}"
	ProjectSection(ProjectDependencies) = postProject
		{6C0B34BC-E521-3EAC-A7FF-71E0E3B5D5E5} = {6C0B34BC-E521-3EAC-A7FF-71E0E3B5D5E5}
		{9DB3278F-7F11-3CC8-BC7D-0AF4D2B572EF} = {9DB3278F-7F11-3CC8-BC7D-0AF4D2B572EF}
	EndProjectSection
EndProject
Project("{8BC9CEB8-8B4A-11D0-8D11-00A0C91BC942}") = "niyah_cli", "niyah_cli.vcxproj", "{76026D9F-F179-39F0-8CEB-A85B3802E1BD}"
	ProjectSection(ProjectDependencies) = postProject
		{6C0B34BC-E521-3EAC-A7FF-71E0E3B5D5E5} = {6C0B34BC-E521-3EAC-A7FF-71E0E3B5D5E5}
		{9DB3278F-7F11-3CC8-BC7D-0AF4D2B572EF} = {9DB3278F-7F11-3CC8-BC7D-0AF4D2B572EF}
		{397B38F4-D732-3C02-99A4-040680C6513B} = {397B38F4-D732-3C02-99A4-040680C6513B}
	EndProjectSection
EndProject
Project("{8BC9CEB8-8B4A-11D0-8D11-00A0C91BC942}") = "niyah_cuda_backend", "niyah_cuda_backend.vcxproj", "{397B38F4-D732-3C02-99A4-040680C6513B}"
	ProjectSection(ProjectDependencies) = postProject
		{6C0B34BC-E521-3EAC-A7FF-71E0E3B5D5E5} = {6C0B34BC-E521-3EAC-A7FF-71E0E3B5D5E5}
		{9DB3278F-7F11-3CC8-BC7D-0AF4D2B572EF} = {9DB3278F-7F11-3CC8-BC7D-0AF4D2B572EF}
	EndProjectSection
EndProject
Project("{8BC9CEB8-8B4A-11D0-8D11-00A0C91BC942}") = "niyah_cuda_decode_state_test", "niyah_cuda_decode_state_test.vcxproj", "{18CC7DF9-9B9A-3371-81F8-2431E842AB5E}"
	ProjectSection(ProjectDependencies) = postProject
		{6C0B34BC-E521-3EAC-A7FF-71E0E3B5D5E5} = {6C0B34BC-E521-3EAC-A7FF-71E0E3B5D5E5}
		{9DB3278F-7F11-3CC8-BC7D-0AF4D2B572EF} = {9DB3278F-7F11-3CC8-BC7D-0AF4D2B572EF}
		{397B38F4-D732-3C02-99A4-040680C6513B} = {397B38F4-D732-3C02-99A4-040680C6513B}
	EndProjectSection
EndProject
Project("{8BC9CEB8-8B4A-11D0-8D11-00A0C91BC942}") = "niyah_cuda_decode_token_test", "niyah_cuda_decode_token_test.vcxproj", "{8290BCC9-301B-3605-AC87-0BB5524CADC5}"
	ProjectSection(ProjectDependencies) = postProject
		{6C0B34BC-E521-3EAC-A7FF-71E0E3B5D5E5} = {6C0B34BC-E521-3EAC-A7FF-71E0E3B5D5E5}
		{9DB3278F-7F11-3CC8-BC7D-0AF4D2B572EF} = {9DB3278F-7F11-3CC8-BC7D-0AF4D2B572EF}
		{397B38F4-D732-3C02-99A4-040680C6513B} = {397B38F4-D732-3C02-99A4-040680C6513B}
	EndProjectSection
EndProject
Project("{8BC9CEB8-8B4A-11D0-8D11-00A0C91BC942}") = "niyah_cuda_device_matvec_test", "niyah_cuda_device_matvec_test.vcxproj", "{A5C200ED-A72D-3CD0-9434-804874D6B8E3}"
	ProjectSection(ProjectDependencies) = postProject
		{6C0B34BC-E521-3EAC-A7FF-71E0E3B5D5E5} = {6C0B34BC-E521-3EAC-A7FF-71E0E3B5D5E5}
		{9DB3278F-7F11-3CC8-BC7D-0AF4D2B572EF} = {9DB3278F-7F11-3CC8-BC7D-0AF4D2B572EF}
		{397B38F4-D732-3C02-99A4-040680C6513B} = {397B38F4-D732-3C02-99A4-040680C6513B}
	EndProjectSection
EndProject
Project("{8BC9CEB8-8B4A-11D0-8D11-00A0C91BC942}") = "niyah_cuda_generation_bench", "niyah_cuda_generation_bench.vcxproj", "{F9A7750D-8EC1-35C6-811F-49E732025B49}"
	ProjectSection(ProjectDependencies) = postProject
		{6C0B34BC-E521-3EAC-A7FF-71E0E3B5D5E5} = {6C0B34BC-E521-3EAC-A7FF-71E0E3B5D5E5}
		{9DB3278F-7F11-3CC8-BC7D-0AF4D2B572EF} = {9DB3278F-7F11-3CC8-BC7D-0AF4D2B572EF}
		{397B38F4-D732-3C02-99A4-040680C6513B} = {397B38F4-D732-3C02-99A4-040680C6513B}
	EndProjectSection
EndProject
Project("{8BC9CEB8-8B4A-11D0-8D11-00A0C91BC942}") = "niyah_cuda_generation_test", "niyah_cuda_generation_test.vcxproj", "{0C947E37-D2DE-37BE-80D0-23562788513F}"
	ProjectSection(ProjectDependencies) = postProject
		{6C0B34BC-E521-3EAC-A7FF-71E0E3B5D5E5} = {6C0B34BC-E521-3EAC-A7FF-71E0E3B5D5E5}
		{9DB3278F-7F11-3CC8-BC7D-0AF4D2B572EF} = {9DB3278F-7F11-3CC8-BC7D-0AF4D2B572EF}
		{397B38F4-D732-3C02-99A4-040680C6513B} = {397B38F4-D732-3C02-99A4-040680C6513B}
	EndProjectSection
EndProject
Project("{8BC9CEB8-8B4A-11D0-8D11-00A0C91BC942}") = "niyah_cuda_matvec_test", "niyah_cuda_matvec_test.vcxproj", "{89C07549-E853-3654-B22B-531F2E84CAEB}"
	ProjectSection(ProjectDependencies) = postProject
		{6C0B34BC-E521-3EAC-A7FF-71E0E3B5D5E5} = {6C0B34BC-E521-3EAC-A7FF-71E0E3B5D5E5}
		{9DB3278F-7F11-3CC8-BC7D-0AF4D2B572EF} = {9DB3278F-7F11-3CC8-BC7D-0AF4D2B572EF}
		{397B38F4-D732-3C02-99A4-040680C6513B} = {397B38F4-D732-3C02-99A4-040680C6513B}
	EndProjectSection
EndProject
Project("{8BC9CEB8-8B4A-11D0-8D11-00A0C91BC942}") = "niyah_cuda_model_test", "niyah_cuda_model_test.vcxproj", "{7F0F3C7A-73C0-3032-8CAB-8240170EACEE}"
	ProjectSection(ProjectDependencies) = postProject
		{6C0B34BC-E521-3EAC-A7FF-71E0E3B5D5E5} = {6C0B34BC-E521-3EAC-A7FF-71E0E3B5D5E5}
		{9DB3278F-7F11-3CC8-BC7D-0AF4D2B572EF} = {9DB3278F-7F11-3CC8-BC7D-0AF4D2B572EF}
		{397B38F4-D732-3C02-99A4-040680C6513B} = {397B38F4-D732-3C02-99A4-040680C6513B}
	EndProjectSection
EndProject
Project("{8BC9CEB8-8B4A-11D0-8D11-00A0C91BC942}") = "niyah_dataset_collection_test", "niyah_dataset_collection_test.vcxproj", "{AD73565B-B00A-3AA3-BBD6-D133F24F98CD}"
	ProjectSection(ProjectDependencies) = postProject
		{6C0B34BC-E521-3EAC-A7FF-71E0E3B5D5E5} = {6C0B34BC-E521-3EAC-A7FF-71E0E3B5D5E5}
		{9DB3278F-7F11-3CC8-BC7D-0AF4D2B572EF} = {9DB3278F-7F11-3CC8-BC7D-0AF4D2B572EF}
	EndProjectSection
EndProject
Project("{8BC9CEB8-8B4A-11D0-8D11-00A0C91BC942}") = "niyah_dataset_shard_test", "niyah_dataset_shard_test.vcxproj", "{35560A8C-AAAD-346F-B9EE-984A89A0B725}"
	ProjectSection(ProjectDependencies) = postProject
		{6C0B34BC-E521-3EAC-A7FF-71E0E3B5D5E5} = {6C0B34BC-E521-3EAC-A7FF-71E0E3B5D5E5}
		{9DB3278F-7F11-3CC8-BC7D-0AF4D2B572EF} = {9DB3278F-7F11-3CC8-BC7D-0AF4D2B572EF}
	EndProjectSection
EndProject
Project("{8BC9CEB8-8B4A-11D0-8D11-00A0C91BC942}") = "niyah_dataset_test", "niyah_dataset_test.vcxproj", "{F47E891A-9732-3367-BA40-C807D2397EC8}"
	ProjectSection(ProjectDependencies) = postProject
		{6C0B34BC-E521-3EAC-A7FF-71E0E3B5D5E5} = {6C0B34BC-E521-3EAC-A7FF-71E0E3B5D5E5}
		{9DB3278F-7F11-3CC8-BC7D-0AF4D2B572EF} = {9DB3278F-7F11-3CC8-BC7D-0AF4D2B572EF}
	EndProjectSection
EndProject
Project("{8BC9CEB8-8B4A-11D0-8D11-00A0C91BC942}") = "niyah_decode_test", "niyah_decode_test.vcxproj", "{C95E6A5E-9201-3405-8A9B-F3A78178D8EA}"
	ProjectSection(ProjectDependencies) = postProject
		{6C0B34BC-E521-3EAC-A7FF-71E0E3B5D5E5} = {6C0B34BC-E521-3EAC-A7FF-71E0E3B5D5E5}
		{9DB3278F-7F11-3CC8-BC7D-0AF4D2B572EF} = {9DB3278F-7F11-3CC8-BC7D-0AF4D2B572EF}
	EndProjectSection
EndProject
Project("{8BC9CEB8-8B4A-11D0-8D11-00A0C91BC942}") = "niyah_eval_test", "niyah_eval_test.vcxproj", "{70F86A74-02A5-3E0F-B17D-B987BAF810C2}"
	ProjectSection(ProjectDependencies) = postProject
		{6C0B34BC-E521-3EAC-A7FF-71E0E3B5D5E5} = {6C0B34BC-E521-3EAC-A7FF-71E0E3B5D5E5}
		{9DB3278F-7F11-3CC8-BC7D-0AF4D2B572EF} = {9DB3278F-7F11-3CC8-BC7D-0AF4D2B572EF}
	EndProjectSection
EndProject
Project("{8BC9CEB8-8B4A-11D0-8D11-00A0C91BC942}") = "niyah_generation_test", "niyah_generation_test.vcxproj", "{A3A2864E-ED65-3F28-A489-90B58EE83815}"
	ProjectSection(ProjectDependencies) = postProject
		{6C0B34BC-E521-3EAC-A7FF-71E0E3B5D5E5} = {6C0B34BC-E521-3EAC-A7FF-71E0E3B5D5E5}
		{9DB3278F-7F11-3CC8-BC7D-0AF4D2B572EF} = {9DB3278F-7F11-3CC8-BC7D-0AF4D2B572EF}
	EndProjectSection
EndProject
Project("{8BC9CEB8-8B4A-11D0-8D11-00A0C91BC942}") = "niyah_model_test", "niyah_model_test.vcxproj", "{4BB0EAC5-5D12-3871-9711-3B1A8A081BB9}"
	ProjectSection(ProjectDependencies) = postProject
		{6C0B34BC-E521-3EAC-A7FF-71E0E3B5D5E5} = {6C0B34BC-E521-3EAC-A7FF-71E0E3B5D5E5}
		{9DB3278F-7F11-3CC8-BC7D-0AF4D2B572EF} = {9DB3278F-7F11-3CC8-BC7D-0AF4D2B572EF}
	EndProjectSection
EndProject
Project("{8BC9CEB8-8B4A-11D0-8D11-00A0C91BC942}") = "niyah_optimizer_test", "niyah_optimizer_test.vcxproj", "{571F302F-6ED0-3705-A0FE-8F2D4BEE1582}"
	ProjectSection(ProjectDependencies) = postProject
		{6C0B34BC-E521-3EAC-A7FF-71E0E3B5D5E5} = {6C0B34BC-E521-3EAC-A7FF-71E0E3B5D5E5}
		{9DB3278F-7F11-3CC8-BC7D-0AF4D2B572EF} = {9DB3278F-7F11-3CC8-BC7D-0AF4D2B572EF}
	EndProjectSection
EndProject
Project("{8BC9CEB8-8B4A-11D0-8D11-00A0C91BC942}") = "niyah_segment_embeddings_test", "niyah_segment_embeddings_test.vcxproj", "{420AEA24-7CCE-3744-9F3F-154C31342167}"
	ProjectSection(ProjectDependencies) = postProject
		{6C0B34BC-E521-3EAC-A7FF-71E0E3B5D5E5} = {6C0B34BC-E521-3EAC-A7FF-71E0E3B5D5E5}
		{9DB3278F-7F11-3CC8-BC7D-0AF4D2B572EF} = {9DB3278F-7F11-3CC8-BC7D-0AF4D2B572EF}
	EndProjectSection
EndProject
Project("{8BC9CEB8-8B4A-11D0-8D11-00A0C91BC942}") = "niyah_text_pipeline_test", "niyah_text_pipeline_test.vcxproj", "{55B0514A-ABD8-35A8-8DF1-DC8A9F63FAA7}"
	ProjectSection(ProjectDependencies) = postProject
		{6C0B34BC-E521-3EAC-A7FF-71E0E3B5D5E5} = {6C0B34BC-E521-3EAC-A7FF-71E0E3B5D5E5}
		{9DB3278F-7F11-3CC8-BC7D-0AF4D2B572EF} = {9DB3278F-7F11-3CC8-BC7D-0AF4D2B572EF}
	EndProjectSection
EndProject
Project("{8BC9CEB8-8B4A-11D0-8D11-00A0C91BC942}") = "niyah_tokenizer_test", "niyah_tokenizer_test.vcxproj", "{57BA843C-2FB9-3D87-9F2B-ED8527DCFEC0}"
	ProjectSection(ProjectDependencies) = postProject
		{6C0B34BC-E521-3EAC-A7FF-71E0E3B5D5E5} = {6C0B34BC-E521-3EAC-A7FF-71E0E3B5D5E5}
		{9DB3278F-7F11-3CC8-BC7D-0AF4D2B572EF} = {9DB3278F-7F11-3CC8-BC7D-0AF4D2B572EF}
	EndProjectSection
EndProject
Project("{8BC9CEB8-8B4A-11D0-8D11-00A0C91BC942}") = "niyah_train", "niyah_train.vcxproj", "{2AA03D69-9595-3128-A39D-C9C610ABA80C}"
	ProjectSection(ProjectDependencies) = postProject
		{6C0B34BC-E521-3EAC-A7FF-71E0E3B5D5E5} = {6C0B34BC-E521-3EAC-A7FF-71E0E3B5D5E5}
		{9DB3278F-7F11-3CC8-BC7D-0AF4D2B572EF} = {9DB3278F-7F11-3CC8-BC7D-0AF4D2B572EF}
	EndProjectSection
EndProject
Project("{8BC9CEB8-8B4A-11D0-8D11-00A0C91BC942}") = "niyah_train_test", "niyah_train_test.vcxproj", "{91BF4E62-40B6-39DD-B158-62746253DD55}"
	ProjectSection(ProjectDependencies) = postProject
		{6C0B34BC-E521-3EAC-A7FF-71E0E3B5D5E5} = {6C0B34BC-E521-3EAC-A7FF-71E0E3B5D5E5}
		{9DB3278F-7F11-3CC8-BC7D-0AF4D2B572EF} = {9DB3278F-7F11-3CC8-BC7D-0AF4D2B572EF}
	EndProjectSection
EndProject
Project("{8BC9CEB8-8B4A-11D0-8D11-00A0C91BC942}") = "niyah_training_fixture", "niyah_training_fixture.vcxproj", "{963C8FB2-7EF4-31F3-A33B-250A2A73EA21}"
	ProjectSection(ProjectDependencies) = postProject
		{6C0B34BC-E521-3EAC-A7FF-71E0E3B5D5E5} = {6C0B34BC-E521-3EAC-A7FF-71E0E3B5D5E5}
		{9DB3278F-7F11-3CC8-BC7D-0AF4D2B572EF} = {9DB3278F-7F11-3CC8-BC7D-0AF4D2B572EF}
	EndProjectSection
EndProject
Project("{8BC9CEB8-8B4A-11D0-8D11-00A0C91BC942}") = "niyah_training_loop_test", "niyah_training_loop_test.vcxproj", "{37DECD64-8A8A-38D9-9B44-F258D161CD77}"
	ProjectSection(ProjectDependencies) = postProject
		{6C0B34BC-E521-3EAC-A7FF-71E0E3B5D5E5} = {6C0B34BC-E521-3EAC-A7FF-71E0E3B5D5E5}
		{9DB3278F-7F11-3CC8-BC7D-0AF4D2B572EF} = {9DB3278F-7F11-3CC8-BC7D-0AF4D2B572EF}
	EndProjectSection
EndProject
Project("{8BC9CEB8-8B4A-11D0-8D11-00A0C91BC942}") = "niyah_transformer_test", "niyah_transformer_test.vcxproj", "{449E74F7-50B4-3729-93C1-03BA7AD2E049}"
	ProjectSection(ProjectDependencies) = postProject
		{6C0B34BC-E521-3EAC-A7FF-71E0E3B5D5E5} = {6C0B34BC-E521-3EAC-A7FF-71E0E3B5D5E5}
		{9DB3278F-7F11-3CC8-BC7D-0AF4D2B572EF} = {9DB3278F-7F11-3CC8-BC7D-0AF4D2B572EF}
	EndProjectSection
EndProject
Global
	GlobalSection(SolutionConfigurationPlatforms) = preSolution
		Debug|x64 = Debug|x64
		Release|x64 = Release|x64
		MinSizeRel|x64 = MinSizeRel|x64
		RelWithDebInfo|x64 = RelWithDebInfo|x64
	EndGlobalSection
	GlobalSection(ProjectConfigurationPlatforms) = postSolution
		{B978ED7A-E9CB-3BBF-B9E6-02339C1DF324}.Debug|x64.ActiveCfg = Debug|x64
		{B978ED7A-E9CB-3BBF-B9E6-02339C1DF324}.Release|x64.ActiveCfg = Release|x64
		{B978ED7A-E9CB-3BBF-B9E6-02339C1DF324}.MinSizeRel|x64.ActiveCfg = MinSizeRel|x64
		{B978ED7A-E9CB-3BBF-B9E6-02339C1DF324}.RelWithDebInfo|x64.ActiveCfg = RelWithDebInfo|x64
		{98ECCE49-DB5C-3BF2-B519-2D6B52E67C13}.Debug|x64.ActiveCfg = Debug|x64
		{98ECCE49-DB5C-3BF2-B519-2D6B52E67C13}.Release|x64.ActiveCfg = Release|x64
		{98ECCE49-DB5C-3BF2-B519-2D6B52E67C13}.MinSizeRel|x64.ActiveCfg = MinSizeRel|x64
		{98ECCE49-DB5C-3BF2-B519-2D6B52E67C13}.RelWithDebInfo|x64.ActiveCfg = RelWithDebInfo|x64
		{6C0B34BC-E521-3EAC-A7FF-71E0E3B5D5E5}.Debug|x64.ActiveCfg = Debug|x64
		{6C0B34BC-E521-3EAC-A7FF-71E0E3B5D5E5}.Debug|x64.Build.0 = Debug|x64
		{6C0B34BC-E521-3EAC-A7FF-71E0E3B5D5E5}.Release|x64.ActiveCfg = Release|x64
		{6C0B34BC-E521-3EAC-A7FF-71E0E3B5D5E5}.Release|x64.Build.0 = Release|x64
		{6C0B34BC-E521-3EAC-A7FF-71E0E3B5D5E5}.MinSizeRel|x64.ActiveCfg = MinSizeRel|x64
		{6C0B34BC-E521-3EAC-A7FF-71E0E3B5D5E5}.MinSizeRel|x64.Build.0 = MinSizeRel|x64
		{6C0B34BC-E521-3EAC-A7FF-71E0E3B5D5E5}.RelWithDebInfo|x64.ActiveCfg = RelWithDebInfo|x64
		{6C0B34BC-E521-3EAC-A7FF-71E0E3B5D5E5}.RelWithDebInfo|x64.Build.0 = RelWithDebInfo|x64
		{9DB3278F-7F11-3CC8-BC7D-0AF4D2B572EF}.Debug|x64.ActiveCfg = Debug|x64
		{9DB3278F-7F11-3CC8-BC7D-0AF4D2B572EF}.Debug|x64.Build.0 = Debug|x64
		{9DB3278F-7F11-3CC8-BC7D-0AF4D2B572EF}.Release|x64.ActiveCfg = Release|x64
		{9DB3278F-7F11-3CC8-BC7D-0AF4D2B572EF}.Release|x64.Build.0 = Release|x64
		{9DB3278F-7F11-3CC8-BC7D-0AF4D2B572EF}.MinSizeRel|x64.ActiveCfg = MinSizeRel|x64
		{9DB3278F-7F11-3CC8-BC7D-0AF4D2B572EF}.MinSizeRel|x64.Build.0 = MinSizeRel|x64
		{9DB3278F-7F11-3CC8-BC7D-0AF4D2B572EF}.RelWithDebInfo|x64.ActiveCfg = RelWithDebInfo|x64
		{9DB3278F-7F11-3CC8-BC7D-0AF4D2B572EF}.RelWithDebInfo|x64.Build.0 = RelWithDebInfo|x64
		{47A0C669-7E06-31C7-8165-BBB9492600AC}.Debug|x64.ActiveCfg = Debug|x64
		{47A0C669-7E06-31C7-8165-BBB9492600AC}.Debug|x64.Build.0 = Debug|x64
		{47A0C669-7E06-31C7-8165-BBB9492600AC}.Release|x64.ActiveCfg = Release|x64
		{47A0C669-7E06-31C7-8165-BBB9492600AC}.Release|x64.Build.0 = Release|x64
		{47A0C669-7E06-31C7-8165-BBB9492600AC}.MinSizeRel|x64.ActiveCfg = MinSizeRel|x64
		{47A0C669-7E06-31C7-8165-BBB9492600AC}.MinSizeRel|x64.Build.0 = MinSizeRel|x64
		{47A0C669-7E06-31C7-8165-BBB9492600AC}.RelWithDebInfo|x64.ActiveCfg = RelWithDebInfo|x64
		{47A0C669-7E06-31C7-8165-BBB9492600AC}.RelWithDebInfo|x64.Build.0 = RelWithDebInfo|x64
		{983D7A63-05AE-3C54-9251-F4C8C0B60656}.Debug|x64.ActiveCfg = Debug|x64
		{983D7A63-05AE-3C54-9251-F4C8C0B60656}.Debug|x64.Build.0 = Debug|x64
		{983D7A63-05AE-3C54-9251-F4C8C0B60656}.Release|x64.ActiveCfg = Release|x64
		{983D7A63-05AE-3C54-9251-F4C8C0B60656}.Release|x64.Build.0 = Release|x64
		{983D7A63-05AE-3C54-9251-F4C8C0B60656}.MinSizeRel|x64.ActiveCfg = MinSizeRel|x64
		{983D7A63-05AE-3C54-9251-F4C8C0B60656}.MinSizeRel|x64.Build.0 = MinSizeRel|x64
		{983D7A63-05AE-3C54-9251-F4C8C0B60656}.RelWithDebInfo|x64.ActiveCfg = RelWithDebInfo|x64
		{983D7A63-05AE-3C54-9251-F4C8C0B60656}.RelWithDebInfo|x64.Build.0 = RelWithDebInfo|x64
		{76026D9F-F179-39F0-8CEB-A85B3802E1BD}.Debug|x64.ActiveCfg = Debug|x64
		{76026D9F-F179-39F0-8CEB-A85B3802E1BD}.Debug|x64.Build.0 = Debug|x64
		{76026D9F-F179-39F0-8CEB-A85B3802E1BD}.Release|x64.ActiveCfg = Release|x64
		{76026D9F-F179-39F0-8CEB-A85B3802E1BD}.Release|x64.Build.0 = Release|x64
		{76026D9F-F179-39F0-8CEB-A85B3802E1BD}.MinSizeRel|x64.ActiveCfg = MinSizeRel|x64
		{76026D9F-F179-39F0-8CEB-A85B3802E1BD}.MinSizeRel|x64.Build.0 = MinSizeRel|x64
		{76026D9F-F179-39F0-8CEB-A85B3802E1BD}.RelWithDebInfo|x64.ActiveCfg = RelWithDebInfo|x64
		{76026D9F-F179-39F0-8CEB-A85B3802E1BD}.RelWithDebInfo|x64.Build.0 = RelWithDebInfo|x64
		{397B38F4-D732-3C02-99A4-040680C6513B}.Debug|x64.ActiveCfg = Debug|x64
		{397B38F4-D732-3C02-99A4-040680C6513B}.Debug|x64.Build.0 = Debug|x64
		{397B38F4-D732-3C02-99A4-040680C6513B}.Release|x64.ActiveCfg = Release|x64
		{397B38F4-D732-3C02-99A4-040680C6513B}.Release|x64.Build.0 = Release|x64
		{397B38F4-D732-3C02-99A4-040680C6513B}.MinSizeRel|x64.ActiveCfg = MinSizeRel|x64
		{397B38F4-D732-3C02-99A4-040680C6513B}.MinSizeRel|x64.Build.0 = MinSizeRel|x64
		{397B38F4-D732-3C02-99A4-040680C6513B}.RelWithDebInfo|x64.ActiveCfg = RelWithDebInfo|x64
		{397B38F4-D732-3C02-99A4-040680C6513B}.RelWithDebInfo|x64.Build.0 = RelWithDebInfo|x64
		{18CC7DF9-9B9A-3371-81F8-2431E842AB5E}.Debug|x64.ActiveCfg = Debug|x64
		{18CC7DF9-9B9A-3371-81F8-2431E842AB5E}.Debug|x64.Build.0 = Debug|x64
		{18CC7DF9-9B9A-3371-81F8-2431E842AB5E}.Release|x64.ActiveCfg = Release|x64
		{18CC7DF9-9B9A-3371-81F8-2431E842AB5E}.Release|x64.Build.0 = Release|x64
		{18CC7DF9-9B9A-3371-81F8-2431E842AB5E}.MinSizeRel|x64.ActiveCfg = MinSizeRel|x64
		{18CC7DF9-9B9A-3371-81F8-2431E842AB5E}.MinSizeRel|x64.Build.0 = MinSizeRel|x64
		{18CC7DF9-9B9A-3371-81F8-2431E842AB5E}.RelWithDebInfo|x64.ActiveCfg = RelWithDebInfo|x64
		{18CC7DF9-9B9A-3371-81F8-2431E842AB5E}.RelWithDebInfo|x64.Build.0 = RelWithDebInfo|x64
		{8290BCC9-301B-3605-AC87-0BB5524CADC5}.Debug|x64.ActiveCfg = Debug|x64
		{8290BCC9-301B-3605-AC87-0BB5524CADC5}.Debug|x64.Build.0 = Debug|x64
		{8290BCC9-301B-3605-AC87-0BB5524CADC5}.Release|x64.ActiveCfg = Release|x64
		{8290BCC9-301B-3605-AC87-0BB5524CADC5}.Release|x64.Build.0 = Release|x64
		{8290BCC9-301B-3605-AC87-0BB5524CADC5}.MinSizeRel|x64.ActiveCfg = MinSizeRel|x64
		{8290BCC9-301B-3605-AC87-0BB5524CADC5}.MinSizeRel|x64.Build.0 = MinSizeRel|x64
		{8290BCC9-301B-3605-AC87-0BB5524CADC5}.RelWithDebInfo|x64.ActiveCfg = RelWithDebInfo|x64
		{8290BCC9-301B-3605-AC87-0BB5524CADC5}.RelWithDebInfo|x64.Build.0 = RelWithDebInfo|x64
		{A5C200ED-A72D-3CD0-9434-804874D6B8E3}.Debug|x64.ActiveCfg = Debug|x64
		{A5C200ED-A72D-3CD0-9434-804874D6B8E3}.Debug|x64.Build.0 = Debug|x64
		{A5C200ED-A72D-3CD0-9434-804874D6B8E3}.Release|x64.ActiveCfg = Release|x64
		{A5C200ED-A72D-3CD0-9434-804874D6B8E3}.Release|x64.Build.0 = Release|x64
		{A5C200ED-A72D-3CD0-9434-804874D6B8E3}.MinSizeRel|x64.ActiveCfg = MinSizeRel|x64
		{A5C200ED-A72D-3CD0-9434-804874D6B8E3}.MinSizeRel|x64.Build.0 = MinSizeRel|x64
		{A5C200ED-A72D-3CD0-9434-804874D6B8E3}.RelWithDebInfo|x64.ActiveCfg = RelWithDebInfo|x64
		{A5C200ED-A72D-3CD0-9434-804874D6B8E3}.RelWithDebInfo|x64.Build.0 = RelWithDebInfo|x64
		{F9A7750D-8EC1-35C6-811F-49E732025B49}.Debug|x64.ActiveCfg = Debug|x64
		{F9A7750D-8EC1-35C6-811F-49E732025B49}.Debug|x64.Build.0 = Debug|x64
		{F9A7750D-8EC1-35C6-811F-49E732025B49}.Release|x64.ActiveCfg = Release|x64
		{F9A7750D-8EC1-35C6-811F-49E732025B49}.Release|x64.Build.0 = Release|x64
		{F9A7750D-8EC1-35C6-811F-49E732025B49}.MinSizeRel|x64.ActiveCfg = MinSizeRel|x64
		{F9A7750D-8EC1-35C6-811F-49E732025B49}.MinSizeRel|x64.Build.0 = MinSizeRel|x64
		{F9A7750D-8EC1-35C6-811F-49E732025B49}.RelWithDebInfo|x64.ActiveCfg = RelWithDebInfo|x64
		{F9A7750D-8EC1-35C6-811F-49E732025B49}.RelWithDebInfo|x64.Build.0 = RelWithDebInfo|x64
		{0C947E37-D2DE-37BE-80D0-23562788513F}.Debug|x64.ActiveCfg = Debug|x64
		{0C947E37-D2DE-37BE-80D0-23562788513F}.Debug|x64.Build.0 = Debug|x64
		{0C947E37-D2DE-37BE-80D0-23562788513F}.Release|x64.ActiveCfg = Release|x64
		{0C947E37-D2DE-37BE-80D0-23562788513F}.Release|x64.Build.0 = Release|x64
		{0C947E37-D2DE-37BE-80D0-23562788513F}.MinSizeRel|x64.ActiveCfg = MinSizeRel|x64
		{0C947E37-D2DE-37BE-80D0-23562788513F}.MinSizeRel|x64.Build.0 = MinSizeRel|x64
		{0C947E37-D2DE-37BE-80D0-23562788513F}.RelWithDebInfo|x64.ActiveCfg = RelWithDebInfo|x64
		{0C947E37-D2DE-37BE-80D0-23562788513F}.RelWithDebInfo|x64.Build.0 = RelWithDebInfo|x64
		{89C07549-E853-3654-B22B-531F2E84CAEB}.Debug|x64.ActiveCfg = Debug|x64
		{89C07549-E853-3654-B22B-531F2E84CAEB}.Debug|x64.Build.0 = Debug|x64
		{89C07549-E853-3654-B22B-531F2E84CAEB}.Release|x64.ActiveCfg = Release|x64
		{89C07549-E853-3654-B22B-531F2E84CAEB}.Release|x64.Build.0 = Release|x64
		{89C07549-E853-3654-B22B-531F2E84CAEB}.MinSizeRel|x64.ActiveCfg = MinSizeRel|x64
		{89C07549-E853-3654-B22B-531F2E84CAEB}.MinSizeRel|x64.Build.0 = MinSizeRel|x64
		{89C07549-E853-3654-B22B-531F2E84CAEB}.RelWithDebInfo|x64.ActiveCfg = RelWithDebInfo|x64
		{89C07549-E853-3654-B22B-531F2E84CAEB}.RelWithDebInfo|x64.Build.0 = RelWithDebInfo|x64
		{7F0F3C7A-73C0-3032-8CAB-8240170EACEE}.Debug|x64.ActiveCfg = Debug|x64
		{7F0F3C7A-73C0-3032-8CAB-8240170EACEE}.Debug|x64.Build.0 = Debug|x64
		{7F0F3C7A-73C0-3032-8CAB-8240170EACEE}.Release|x64.ActiveCfg = Release|x64
		{7F0F3C7A-73C0-3032-8CAB-8240170EACEE}.Release|x64.Build.0 = Release|x64
		{7F0F3C7A-73C0-3032-8CAB-8240170EACEE}.MinSizeRel|x64.ActiveCfg = MinSizeRel|x64
		{7F0F3C7A-73C0-3032-8CAB-8240170EACEE}.MinSizeRel|x64.Build.0 = MinSizeRel|x64
		{7F0F3C7A-73C0-3032-8CAB-8240170EACEE}.RelWithDebInfo|x64.ActiveCfg = RelWithDebInfo|x64
		{7F0F3C7A-73C0-3032-8CAB-8240170EACEE}.RelWithDebInfo|x64.Build.0 = RelWithDebInfo|x64
		{AD73565B-B00A-3AA3-BBD6-D133F24F98CD}.Debug|x64.ActiveCfg = Debug|x64
		{AD73565B-B00A-3AA3-BBD6-D133F24F98CD}.Debug|x64.Build.0 = Debug|x64
		{AD73565B-B00A-3AA3-BBD6-D133F24F98CD}.Release|x64.ActiveCfg = Release|x64
		{AD73565B-B00A-3AA3-BBD6-D133F24F98CD}.Release|x64.Build.0 = Release|x64
		{AD73565B-B00A-3AA3-BBD6-D133F24F98CD}.MinSizeRel|x64.ActiveCfg = MinSizeRel|x64
		{AD73565B-B00A-3AA3-BBD6-D133F24F98CD}.MinSizeRel|x64.Build.0 = MinSizeRel|x64
		{AD73565B-B00A-3AA3-BBD6-D133F24F98CD}.RelWithDebInfo|x64.ActiveCfg = RelWithDebInfo|x64
		{AD73565B-B00A-3AA3-BBD6-D133F24F98CD}.RelWithDebInfo|x64.Build.0 = RelWithDebInfo|x64
		{35560A8C-AAAD-346F-B9EE-984A89A0B725}.Debug|x64.ActiveCfg = Debug|x64
		{35560A8C-AAAD-346F-B9EE-984A89A0B725}.Debug|x64.Build.0 = Debug|x64
		{35560A8C-AAAD-346F-B9EE-984A89A0B725}.Release|x64.ActiveCfg = Release|x64
		{35560A8C-AAAD-346F-B9EE-984A89A0B725}.Release|x64.Build.0 = Release|x64
		{35560A8C-AAAD-346F-B9EE-984A89A0B725}.MinSizeRel|x64.ActiveCfg = MinSizeRel|x64
		{35560A8C-AAAD-346F-B9EE-984A89A0B725}.MinSizeRel|x64.Build.0 = MinSizeRel|x64
		{35560A8C-AAAD-346F-B9EE-984A89A0B725}.RelWithDebInfo|x64.ActiveCfg = RelWithDebInfo|x64
		{35560A8C-AAAD-346F-B9EE-984A89A0B725}.RelWithDebInfo|x64.Build.0 = RelWithDebInfo|x64
		{F47E891A-9732-3367-BA40-C807D2397EC8}.Debug|x64.ActiveCfg = Debug|x64
		{F47E891A-9732-3367-BA40-C807D2397EC8}.Debug|x64.Build.0 = Debug|x64
		{F47E891A-9732-3367-BA40-C807D2397EC8}.Release|x64.ActiveCfg = Release|x64
		{F47E891A-9732-3367-BA40-C807D2397EC8}.Release|x64.Build.0 = Release|x64
		{F47E891A-9732-3367-BA40-C807D2397EC8}.MinSizeRel|x64.ActiveCfg = MinSizeRel|x64
		{F47E891A-9732-3367-BA40-C807D2397EC8}.MinSizeRel|x64.Build.0 = MinSizeRel|x64
		{F47E891A-9732-3367-BA40-C807D2397EC8}.RelWithDebInfo|x64.ActiveCfg = RelWithDebInfo|x64
		{F47E891A-9732-3367-BA40-C807D2397EC8}.RelWithDebInfo|x64.Build.0 = RelWithDebInfo|x64
		{C95E6A5E-9201-3405-8A9B-F3A78178D8EA}.Debug|x64.ActiveCfg = Debug|x64
		{C95E6A5E-9201-3405-8A9B-F3A78178D8EA}.Debug|x64.Build.0 = Debug|x64
		{C95E6A5E-9201-3405-8A9B-F3A78178D8EA}.Release|x64.ActiveCfg = Release|x64
		{C95E6A5E-9201-3405-8A9B-F3A78178D8EA}.Release|x64.Build.0 = Release|x64
		{C95E6A5E-9201-3405-8A9B-F3A78178D8EA}.MinSizeRel|x64.ActiveCfg = MinSizeRel|x64
		{C95E6A5E-9201-3405-8A9B-F3A78178D8EA}.MinSizeRel|x64.Build.0 = MinSizeRel|x64
		{C95E6A5E-9201-3405-8A9B-F3A78178D8EA}.RelWithDebInfo|x64.ActiveCfg = RelWithDebInfo|x64
		{C95E6A5E-9201-3405-8A9B-F3A78178D8EA}.RelWithDebInfo|x64.Build.0 = RelWithDebInfo|x64
		{70F86A74-02A5-3E0F-B17D-B987BAF810C2}.Debug|x64.ActiveCfg = Debug|x64
		{70F86A74-02A5-3E0F-B17D-B987BAF810C2}.Debug|x64.Build.0 = Debug|x64
		{70F86A74-02A5-3E0F-B17D-B987BAF810C2}.Release|x64.ActiveCfg = Release|x64
		{70F86A74-02A5-3E0F-B17D-B987BAF810C2}.Release|x64.Build.0 = Release|x64
		{70F86A74-02A5-3E0F-B17D-B987BAF810C2}.MinSizeRel|x64.ActiveCfg = MinSizeRel|x64
		{70F86A74-02A5-3E0F-B17D-B987BAF810C2}.MinSizeRel|x64.Build.0 = MinSizeRel|x64
		{70F86A74-02A5-3E0F-B17D-B987BAF810C2}.RelWithDebInfo|x64.ActiveCfg = RelWithDebInfo|x64
		{70F86A74-02A5-3E0F-B17D-B987BAF810C2}.RelWithDebInfo|x64.Build.0 = RelWithDebInfo|x64
		{A3A2864E-ED65-3F28-A489-90B58EE83815}.Debug|x64.ActiveCfg = Debug|x64
		{A3A2864E-ED65-3F28-A489-90B58EE83815}.Debug|x64.Build.0 = Debug|x64
		{A3A2864E-ED65-3F28-A489-90B58EE83815}.Release|x64.ActiveCfg = Release|x64
		{A3A2864E-ED65-3F28-A489-90B58EE83815}.Release|x64.Build.0 = Release|x64
		{A3A2864E-ED65-3F28-A489-90B58EE83815}.MinSizeRel|x64.ActiveCfg = MinSizeRel|x64
		{A3A2864E-ED65-3F28-A489-90B58EE83815}.MinSizeRel|x64.Build.0 = MinSizeRel|x64
		{A3A2864E-ED65-3F28-A489-90B58EE83815}.RelWithDebInfo|x64.ActiveCfg = RelWithDebInfo|x64
		{A3A2864E-ED65-3F28-A489-90B58EE83815}.RelWithDebInfo|x64.Build.0 = RelWithDebInfo|x64
		{4BB0EAC5-5D12-3871-9711-3B1A8A081BB9}.Debug|x64.ActiveCfg = Debug|x64
		{4BB0EAC5-5D12-3871-9711-3B1A8A081BB9}.Debug|x64.Build.0 = Debug|x64
		{4BB0EAC5-5D12-3871-9711-3B1A8A081BB9}.Release|x64.ActiveCfg = Release|x64
		{4BB0EAC5-5D12-3871-9711-3B1A8A081BB9}.Release|x64.Build.0 = Release|x64
		{4BB0EAC5-5D12-3871-9711-3B1A8A081BB9}.MinSizeRel|x64.ActiveCfg = MinSizeRel|x64
		{4BB0EAC5-5D12-3871-9711-3B1A8A081BB9}.MinSizeRel|x64.Build.0 = MinSizeRel|x64
		{4BB0EAC5-5D12-3871-9711-3B1A8A081BB9}.RelWithDebInfo|x64.ActiveCfg = RelWithDebInfo|x64
		{4BB0EAC5-5D12-3871-9711-3B1A8A081BB9}.RelWithDebInfo|x64.Build.0 = RelWithDebInfo|x64
		{571F302F-6ED0-3705-A0FE-8F2D4BEE1582}.Debug|x64.ActiveCfg = Debug|x64
		{571F302F-6ED0-3705-A0FE-8F2D4BEE1582}.Debug|x64.Build.0 = Debug|x64
		{571F302F-6ED0-3705-A0FE-8F2D4BEE1582}.Release|x64.ActiveCfg = Release|x64
		{571F302F-6ED0-3705-A0FE-8F2D4BEE1582}.Release|x64.Build.0 = Release|x64
		{571F302F-6ED0-3705-A0FE-8F2D4BEE1582}.MinSizeRel|x64.ActiveCfg = MinSizeRel|x64
		{571F302F-6ED0-3705-A0FE-8F2D4BEE1582}.MinSizeRel|x64.Build.0 = MinSizeRel|x64
		{571F302F-6ED0-3705-A0FE-8F2D4BEE1582}.RelWithDebInfo|x64.ActiveCfg = RelWithDebInfo|x64
		{571F302F-6ED0-3705-A0FE-8F2D4BEE1582}.RelWithDebInfo|x64.Build.0 = RelWithDebInfo|x64
		{420AEA24-7CCE-3744-9F3F-154C31342167}.Debug|x64.ActiveCfg = Debug|x64
		{420AEA24-7CCE-3744-9F3F-154C31342167}.Debug|x64.Build.0 = Debug|x64
		{420AEA24-7CCE-3744-9F3F-154C31342167}.Release|x64.ActiveCfg = Release|x64
		{420AEA24-7CCE-3744-9F3F-154C31342167}.Release|x64.Build.0 = Release|x64
		{420AEA24-7CCE-3744-9F3F-154C31342167}.MinSizeRel|x64.ActiveCfg = MinSizeRel|x64
		{420AEA24-7CCE-3744-9F3F-154C31342167}.MinSizeRel|x64.Build.0 = MinSizeRel|x64
		{420AEA24-7CCE-3744-9F3F-154C31342167}.RelWithDebInfo|x64.ActiveCfg = RelWithDebInfo|x64
		{420AEA24-7CCE-3744-9F3F-154C31342167}.RelWithDebInfo|x64.Build.0 = RelWithDebInfo|x64
		{55B0514A-ABD8-35A8-8DF1-DC8A9F63FAA7}.Debug|x64.ActiveCfg = Debug|x64
		{55B0514A-ABD8-35A8-8DF1-DC8A9F63FAA7}.Debug|x64.Build.0 = Debug|x64
		{55B0514A-ABD8-35A8-8DF1-DC8A9F63FAA7}.Release|x64.ActiveCfg = Release|x64
		{55B0514A-ABD8-35A8-8DF1-DC8A9F63FAA7}.Release|x64.Build.0 = Release|x64
		{55B0514A-ABD8-35A8-8DF1-DC8A9F63FAA7}.MinSizeRel|x64.ActiveCfg = MinSizeRel|x64
		{55B0514A-ABD8-35A8-8DF1-DC8A9F63FAA7}.MinSizeRel|x64.Build.0 = MinSizeRel|x64
		{55B0514A-ABD8-35A8-8DF1-DC8A9F63FAA7}.RelWithDebInfo|x64.ActiveCfg = RelWithDebInfo|x64
		{55B0514A-ABD8-35A8-8DF1-DC8A9F63FAA7}.RelWithDebInfo|x64.Build.0 = RelWithDebInfo|x64
		{57BA843C-2FB9-3D87-9F2B-ED8527DCFEC0}.Debug|x64.ActiveCfg = Debug|x64
		{57BA843C-2FB9-3D87-9F2B-ED8527DCFEC0}.Debug|x64.Build.0 = Debug|x64
		{57BA843C-2FB9-3D87-9F2B-ED8527DCFEC0}.Release|x64.ActiveCfg = Release|x64
		{57BA843C-2FB9-3D87-9F2B-ED8527DCFEC0}.Release|x64.Build.0 = Release|x64
		{57BA843C-2FB9-3D87-9F2B-ED8527DCFEC0}.MinSizeRel|x64.ActiveCfg = MinSizeRel|x64
		{57BA843C-2FB9-3D87-9F2B-ED8527DCFEC0}.MinSizeRel|x64.Build.0 = MinSizeRel|x64
		{57BA843C-2FB9-3D87-9F2B-ED8527DCFEC0}.RelWithDebInfo|x64.ActiveCfg = RelWithDebInfo|x64
		{57BA843C-2FB9-3D87-9F2B-ED8527DCFEC0}.RelWithDebInfo|x64.Build.0 = RelWithDebInfo|x64
		{2AA03D69-9595-3128-A39D-C9C610ABA80C}.Debug|x64.ActiveCfg = Debug|x64
		{2AA03D69-9595-3128-A39D-C9C610ABA80C}.Debug|x64.Build.0 = Debug|x64
		{2AA03D69-9595-3128-A39D-C9C610ABA80C}.Release|x64.ActiveCfg = Release|x64
		{2AA03D69-9595-3128-A39D-C9C610ABA80C}.Release|x64.Build.0 = Release|x64
		{2AA03D69-9595-3128-A39D-C9C610ABA80C}.MinSizeRel|x64.ActiveCfg = MinSizeRel|x64
		{2AA03D69-9595-3128-A39D-C9C610ABA80C}.MinSizeRel|x64.Build.0 = MinSizeRel|x64
		{2AA03D69-9595-3128-A39D-C9C610ABA80C}.RelWithDebInfo|x64.ActiveCfg = RelWithDebInfo|x64
		{2AA03D69-9595-3128-A39D-C9C610ABA80C}.RelWithDebInfo|x64.Build.0 = RelWithDebInfo|x64
		{91BF4E62-40B6-39DD-B158-62746253DD55}.Debug|x64.ActiveCfg = Debug|x64
		{91BF4E62-40B6-39DD-B158-62746253DD55}.Debug|x64.Build.0 = Debug|x64
		{91BF4E62-40B6-39DD-B158-62746253DD55}.Release|x64.ActiveCfg = Release|x64
		{91BF4E62-40B6-39DD-B158-62746253DD55}.Release|x64.Build.0 = Release|x64
		{91BF4E62-40B6-39DD-B158-62746253DD55}.MinSizeRel|x64.ActiveCfg = MinSizeRel|x64
		{91BF4E62-40B6-39DD-B158-62746253DD55}.MinSizeRel|x64.Build.0 = MinSizeRel|x64
		{91BF4E62-40B6-39DD-B158-62746253DD55}.RelWithDebInfo|x64.ActiveCfg = RelWithDebInfo|x64
		{91BF4E62-40B6-39DD-B158-62746253DD55}.RelWithDebInfo|x64.Build.0 = RelWithDebInfo|x64
		{963C8FB2-7EF4-31F3-A33B-250A2A73EA21}.Debug|x64.ActiveCfg = Debug|x64
		{963C8FB2-7EF4-31F3-A33B-250A2A73EA21}.Debug|x64.Build.0 = Debug|x64
		{963C8FB2-7EF4-31F3-A33B-250A2A73EA21}.Release|x64.ActiveCfg = Release|x64
		{963C8FB2-7EF4-31F3-A33B-250A2A73EA21}.Release|x64.Build.0 = Release|x64
		{963C8FB2-7EF4-31F3-A33B-250A2A73EA21}.MinSizeRel|x64.ActiveCfg = MinSizeRel|x64
		{963C8FB2-7EF4-31F3-A33B-250A2A73EA21}.MinSizeRel|x64.Build.0 = MinSizeRel|x64
		{963C8FB2-7EF4-31F3-A33B-250A2A73EA21}.RelWithDebInfo|x64.ActiveCfg = RelWithDebInfo|x64
		{963C8FB2-7EF4-31F3-A33B-250A2A73EA21}.RelWithDebInfo|x64.Build.0 = RelWithDebInfo|x64
		{37DECD64-8A8A-38D9-9B44-F258D161CD77}.Debug|x64.ActiveCfg = Debug|x64
		{37DECD64-8A8A-38D9-9B44-F258D161CD77}.Debug|x64.Build.0 = Debug|x64
		{37DECD64-8A8A-38D9-9B44-F258D161CD77}.Release|x64.ActiveCfg = Release|x64
		{37DECD64-8A8A-38D9-9B44-F258D161CD77}.Release|x64.Build.0 = Release|x64
		{37DECD64-8A8A-38D9-9B44-F258D161CD77}.MinSizeRel|x64.ActiveCfg = MinSizeRel|x64
		{37DECD64-8A8A-38D9-9B44-F258D161CD77}.MinSizeRel|x64.Build.0 = MinSizeRel|x64
		{37DECD64-8A8A-38D9-9B44-F258D161CD77}.RelWithDebInfo|x64.ActiveCfg = RelWithDebInfo|x64
		{37DECD64-8A8A-38D9-9B44-F258D161CD77}.RelWithDebInfo|x64.Build.0 = RelWithDebInfo|x64
		{449E74F7-50B4-3729-93C1-03BA7AD2E049}.Debug|x64.ActiveCfg = Debug|x64
		{449E74F7-50B4-3729-93C1-03BA7AD2E049}.Debug|x64.Build.0 = Debug|x64
		{449E74F7-50B4-3729-93C1-03BA7AD2E049}.Release|x64.ActiveCfg = Release|x64
		{449E74F7-50B4-3729-93C1-03BA7AD2E049}.Release|x64.Build.0 = Release|x64
		{449E74F7-50B4-3729-93C1-03BA7AD2E049}.MinSizeRel|x64.ActiveCfg = MinSizeRel|x64
		{449E74F7-50B4-3729-93C1-03BA7AD2E049}.MinSizeRel|x64.Build.0 = MinSizeRel|x64
		{449E74F7-50B4-3729-93C1-03BA7AD2E049}.RelWithDebInfo|x64.ActiveCfg = RelWithDebInfo|x64
		{449E74F7-50B4-3729-93C1-03BA7AD2E049}.RelWithDebInfo|x64.Build.0 = RelWithDebInfo|x64
	EndGlobalSection
	GlobalSection(ExtensibilityGlobals) = postSolution
		SolutionGuid = {A9AE2C6B-8B67-3D6F-8CAB-726406788F2F}
	EndGlobalSection
	GlobalSection(ExtensibilityAddIns) = postSolution
	EndGlobalSection
EndGlobal
